// !$*UTF8*$!
{
	archiveVersion = 1;
	classes = {
	};
	objectVersion = 51;
	objects = {

/* Begin PBXBuildFile section */
		54494719257FBF9D00CE74AB /* OGMThumbnailView.m in Sources */ = {isa = PBXBuildFile; fileRef = 5449470C257FBF9D00CE74AB /* OGMThumbnailView.m */; };
		5449471A257FBF9D00CE74AB /* OguryAdsMoPubEventBanner.m in Sources */ = {isa = PBXBuildFile; fileRef = 5449470E257FBF9D00CE74AB /* OguryAdsMoPubEventBanner.m */; };
		5449471B257FBF9D00CE74AB /* OguryAdsMoPubEventInterstitial.m in Sources */ = {isa = PBXBuildFile; fileRef = 5449470F257FBF9D00CE74AB /* OguryAdsMoPubEventInterstitial.m */; };
		5449471C257FBF9D00CE74AB /* OguryAdsMoPubEventOptin.m in Sources */ = {isa = PBXBuildFile; fileRef = 54494712257FBF9D00CE74AB /* OguryAdsMoPubEventOptin.m */; };
		5449471D257FBF9D00CE74AB /* OguryAdsMoPubEventThumbnail.m in Sources */ = {isa = PBXBuildFile; fileRef = 54494715257FBF9D00CE74AB /* OguryAdsMoPubEventThumbnail.m */; };
		5449471E257FBF9D00CE74AB /* OguryAdsAdapterConfiguration.m in Sources */ = {isa = PBXBuildFile; fileRef = 54494718257FBF9D00CE74AB /* OguryAdsAdapterConfiguration.m */; };
		54D441DE253722C20056FF13 /* AppDelegate.swift in Sources */ = {isa = PBXBuildFile; fileRef = 54D441DD253722C20056FF13 /* AppDelegate.swift */; };
		54D441E2253722C20056FF13 /* ViewController.swift in Sources */ = {isa = PBXBuildFile; fileRef = 54D441E1253722C20056FF13 /* ViewController.swift */; };
		54D441E5253722C20056FF13 /* Main.storyboard in Resources */ = {isa = PBXBuildFile; fileRef = 54D441E3253722C20056FF13 /* Main.storyboard */; };
		54D441E7253722C90056FF13 /* Assets.xcassets in Resources */ = {isa = PBXBuildFile; fileRef = 54D441E6253722C90056FF13 /* Assets.xcassets */; };
		54D441EA253722C90056FF13 /* LaunchScreen.storyboard in Resources */ = {isa = PBXBuildFile; fileRef = 54D441E8253722C90056FF13 /* LaunchScreen.storyboard */; };
		9B10F9D969233393818E2615 /* Pods_InterstitialExample.framework in Frameworks */ = {isa = PBXBuildFile; fileRef = 65904834F690E793EA8A705D /* Pods_InterstitialExample.framework */; };
/* End PBXBuildFile section */

/* Begin PBXFileReference section */
		38A974C6DC01493B39FE0761 /* Pods-InterstitialExample.release.xcconfig */ = {isa = PBXFileReference; includeInIndex = 1; lastKnownFileType = text.xcconfig; name = "Pods-InterstitialExample.release.xcconfig"; path = "Target Support Files/Pods-InterstitialExample/Pods-InterstitialExample.release.xcconfig"; sourceTree = "<group>"; };
		5449470C257FBF9D00CE74AB /* OGMThumbnailView.m */ = {isa = PBXFileReference; fileEncoding = 4; lastKnownFileType = sourcecode.c.objc; path = OGMThumbnailView.m; sourceTree = "<group>"; };
		5449470D257FBF9D00CE74AB /* OGMThumbnailView.h */ = {isa = PBXFileReference; fileEncoding = 4; lastKnownFileType = sourcecode.c.h; path = OGMThumbnailView.h; sourceTree = "<group>"; };
		5449470E257FBF9D00CE74AB /* OguryAdsMoPubEventBanner.m */ = {isa = PBXFileReference; fileEncoding = 4; lastKnownFileType = sourcecode.c.objc; path = OguryAdsMoPubEventBanner.m; sourceTree = "<group>"; };
		5449470F257FBF9D00CE74AB /* OguryAdsMoPubEventInterstitial.m */ = {isa = PBXFileReference; fileEncoding = 4; lastKnownFileType = sourcecode.c.objc; path = OguryAdsMoPubEventInterstitial.m; sourceTree = "<group>"; };
		54494710257FBF9D00CE74AB /* OguryAdsMoPubEventThumbnail.h */ = {isa = PBXFileReference; fileEncoding = 4; lastKnownFileType = sourcecode.c.h; path = OguryAdsMoPubEventThumbnail.h; sourceTree = "<group>"; };
		54494711257FBF9D00CE74AB /* OguryAdsAdapterConfiguration.h */ = {isa = PBXFileReference; fileEncoding = 4; lastKnownFileType = sourcecode.c.h; path = OguryAdsAdapterConfiguration.h; sourceTree = "<group>"; };
		54494712257FBF9D00CE74AB /* OguryAdsMoPubEventOptin.m */ = {isa = PBXFileReference; fileEncoding = 4; lastKnownFileType = sourcecode.c.objc; path = OguryAdsMoPubEventOptin.m; sourceTree = "<group>"; };
		54494713257FBF9D00CE74AB /* MopubCustomEvents-Bridging-Header.h */ = {isa = PBXFileReference; fileEncoding = 4; lastKnownFileType = sourcecode.c.h; path = "MopubCustomEvents-Bridging-Header.h"; sourceTree = "<group>"; };
		54494714257FBF9D00CE74AB /* OguryAdsMoPubEventBanner.h */ = {isa = PBXFileReference; fileEncoding = 4; lastKnownFileType = sourcecode.c.h; path = OguryAdsMoPubEventBanner.h; sourceTree = "<group>"; };
		54494715257FBF9D00CE74AB /* OguryAdsMoPubEventThumbnail.m */ = {isa = PBXFileReference; fileEncoding = 4; lastKnownFileType = sourcecode.c.objc; path = OguryAdsMoPubEventThumbnail.m; sourceTree = "<group>"; };
		54494716257FBF9D00CE74AB /* OguryAdsMoPubEventInterstitial.h */ = {isa = PBXFileReference; fileEncoding = 4; lastKnownFileType = sourcecode.c.h; path = OguryAdsMoPubEventInterstitial.h; sourceTree = "<group>"; };
		54494717257FBF9D00CE74AB /* OguryAdsMoPubEventOptin.h */ = {isa = PBXFileReference; fileEncoding = 4; lastKnownFileType = sourcecode.c.h; path = OguryAdsMoPubEventOptin.h; sourceTree = "<group>"; };
		54494718257FBF9D00CE74AB /* OguryAdsAdapterConfiguration.m */ = {isa = PBXFileReference; fileEncoding = 4; lastKnownFileType = sourcecode.c.objc; path = OguryAdsAdapterConfiguration.m; sourceTree = "<group>"; };
		54D441DA253722C20056FF13 /* InterstitialExample.app */ = {isa = PBXFileReference; explicitFileType = wrapper.application; includeInIndex = 0; path = InterstitialExample.app; sourceTree = BUILT_PRODUCTS_DIR; };
		54D441DD253722C20056FF13 /* AppDelegate.swift */ = {isa = PBXFileReference; lastKnownFileType = sourcecode.swift; path = AppDelegate.swift; sourceTree = "<group>"; };
		54D441E1253722C20056FF13 /* ViewController.swift */ = {isa = PBXFileReference; lastKnownFileType = sourcecode.swift; path = ViewController.swift; sourceTree = "<group>"; };
		54D441E4253722C20056FF13 /* Base */ = {isa = PBXFileReference; lastKnownFileType = file.storyboard; name = Base; path = Base.lproj/Main.storyboard; sourceTree = "<group>"; };
		54D441E6253722C90056FF13 /* Assets.xcassets */ = {isa = PBXFileReference; lastKnownFileType = folder.assetcatalog; path = Assets.xcassets; sourceTree = "<group>"; };
		54D441E9253722C90056FF13 /* Base */ = {isa = PBXFileReference; lastKnownFileType = file.storyboard; name = Base; path = Base.lproj/LaunchScreen.storyboard; sourceTree = "<group>"; };
		54D441EB253722C90056FF13 /* Info.plist */ = {isa = PBXFileReference; lastKnownFileType = text.plist.xml; path = Info.plist; sourceTree = "<group>"; };
		65904834F690E793EA8A705D /* Pods_InterstitialExample.framework */ = {isa = PBXFileReference; explicitFileType = wrapper.framework; includeInIndex = 0; path = Pods_InterstitialExample.framework; sourceTree = BUILT_PRODUCTS_DIR; };
		8CA18C87A0D48235B1D55002 /* Pods-InterstitialExample.debug.xcconfig */ = {isa = PBXFileReference; includeInIndex = 1; lastKnownFileType = text.xcconfig; name = "Pods-InterstitialExample.debug.xcconfig"; path = "Target Support Files/Pods-InterstitialExample/Pods-InterstitialExample.debug.xcconfig"; sourceTree = "<group>"; };
/* End PBXFileReference section */

/* Begin PBXFrameworksBuildPhase section */
		54D441D7253722C20056FF13 /* Frameworks */ = {
			isa = PBXFrameworksBuildPhase;
			buildActionMask = 2147483647;
			files = (
				9B10F9D969233393818E2615 /* Pods_InterstitialExample.framework in Frameworks */,
			);
			runOnlyForDeploymentPostprocessing = 0;
		};
/* End PBXFrameworksBuildPhase section */

/* Begin PBXGroup section */
		5449470A257FBF9D00CE74AB /* OguryAdsCustomEventsMoPub */ = {
			isa = PBXGroup;
			children = (
				5449470B257FBF9D00CE74AB /* Thumbnail */,
				5449470E257FBF9D00CE74AB /* OguryAdsMoPubEventBanner.m */,
				5449470F257FBF9D00CE74AB /* OguryAdsMoPubEventInterstitial.m */,
				54494710257FBF9D00CE74AB /* OguryAdsMoPubEventThumbnail.h */,
				54494711257FBF9D00CE74AB /* OguryAdsAdapterConfiguration.h */,
				54494712257FBF9D00CE74AB /* OguryAdsMoPubEventOptin.m */,
				54494713257FBF9D00CE74AB /* MopubCustomEvents-Bridging-Header.h */,
				54494714257FBF9D00CE74AB /* OguryAdsMoPubEventBanner.h */,
				54494715257FBF9D00CE74AB /* OguryAdsMoPubEventThumbnail.m */,
				54494716257FBF9D00CE74AB /* OguryAdsMoPubEventInterstitial.h */,
				54494717257FBF9D00CE74AB /* OguryAdsMoPubEventOptin.h */,
				54494718257FBF9D00CE74AB /* OguryAdsAdapterConfiguration.m */,
			);
			path = OguryAdsCustomEventsMoPub;
			sourceTree = "<group>";
		};
		5449470B257FBF9D00CE74AB /* Thumbnail */ = {
			isa = PBXGroup;
			children = (
				5449470C257FBF9D00CE74AB /* OGMThumbnailView.m */,
				5449470D257FBF9D00CE74AB /* OGMThumbnailView.h */,
			);
			path = Thumbnail;
			sourceTree = "<group>";
		};
		54D441D1253722C20056FF13 = {
			isa = PBXGroup;
			children = (
				5449470A257FBF9D00CE74AB /* OguryAdsCustomEventsMoPub */,
				54D441DC253722C20056FF13 /* InterstitialExample */,
				54D441DB253722C20056FF13 /* Products */,
				64F18F1A1A6764E3658B0805 /* Pods */,
				CE48876224BD57A87741448D /* Frameworks */,
			);
			sourceTree = "<group>";
		};
		54D441DB253722C20056FF13 /* Products */ = {
			isa = PBXGroup;
			children = (
				54D441DA253722C20056FF13 /* InterstitialExample.app */,
			);
			name = Products;
			sourceTree = "<group>";
		};
		54D441DC253722C20056FF13 /* InterstitialExample */ = {
			isa = PBXGroup;
			children = (
				54D441DD253722C20056FF13 /* AppDelegate.swift */,
				54D441E1253722C20056FF13 /* ViewController.swift */,
				54D441E3253722C20056FF13 /* Main.storyboard */,
				54D441E6253722C90056FF13 /* Assets.xcassets */,
				54D441E8253722C90056FF13 /* LaunchScreen.storyboard */,
				54D441EB253722C90056FF13 /* Info.plist */,
			);
			path = InterstitialExample;
			sourceTree = "<group>";
		};
		64F18F1A1A6764E3658B0805 /* Pods */ = {
			isa = PBXGroup;
			children = (
				8CA18C87A0D48235B1D55002 /* Pods-InterstitialExample.debug.xcconfig */,
				38A974C6DC01493B39FE0761 /* Pods-InterstitialExample.release.xcconfig */,
			);
			path = Pods;
			sourceTree = "<group>";
		};
		CE48876224BD57A87741448D /* Frameworks */ = {
			isa = PBXGroup;
			children = (
				65904834F690E793EA8A705D /* Pods_InterstitialExample.framework */,
			);
			name = Frameworks;
			sourceTree = "<group>";
		};
/* End PBXGroup section */

/* Begin PBXNativeTarget section */
		54D441D9253722C20056FF13 /* InterstitialExample */ = {
			isa = PBXNativeTarget;
			buildConfigurationList = 54D441EE253722C90056FF13 /* Build configuration list for PBXNativeTarget "InterstitialExample" */;
			buildPhases = (
				05138BD03A16E74676F45BD9 /* [CP] Check Pods Manifest.lock */,
				54D441D6253722C20056FF13 /* Sources */,
				54D441D7253722C20056FF13 /* Frameworks */,
				54D441D8253722C20056FF13 /* Resources */,
				67124F2E50424597FA501F0B /* [CP] Embed Pods Frameworks */,
			);
			buildRules = (
			);
			dependencies = (
			);
			name = InterstitialExample;
			productName = InterstitialExample;
			productReference = 54D441DA253722C20056FF13 /* InterstitialExample.app */;
			productType = "com.apple.product-type.application";
		};
/* End PBXNativeTarget section */

/* Begin PBXProject section */
		54D441D2253722C20056FF13 /* Project object */ = {
			isa = PBXProject;
			attributes = {
				LastSwiftUpdateCheck = 1200;
				LastUpgradeCheck = 1200;
				TargetAttributes = {
					54D441D9253722C20056FF13 = {
						CreatedOnToolsVersion = 12.0.1;
					};
				};
			};
			buildConfigurationList = 54D441D5253722C20056FF13 /* Build configuration list for PBXProject "InterstitialExample" */;
			compatibilityVersion = "Xcode 9.3";
			developmentRegion = en;
			hasScannedForEncodings = 0;
			knownRegions = (
				en,
				Base,
			);
			mainGroup = 54D441D1253722C20056FF13;
			productRefGroup = 54D441DB253722C20056FF13 /* Products */;
			projectDirPath = "";
			projectRoot = "";
			targets = (
				54D441D9253722C20056FF13 /* InterstitialExample */,
			);
		};
/* End PBXProject section */

/* Begin PBXResourcesBuildPhase section */
		54D441D8253722C20056FF13 /* Resources */ = {
			isa = PBXResourcesBuildPhase;
			buildActionMask = 2147483647;
			files = (
				54D441EA253722C90056FF13 /* LaunchScreen.storyboard in Resources */,
				54D441E7253722C90056FF13 /* Assets.xcassets in Resources */,
				54D441E5253722C20056FF13 /* Main.storyboard in Resources */,
			);
			runOnlyForDeploymentPostprocessing = 0;
		};
/* End PBXResourcesBuildPhase section */

/* Begin PBXShellScriptBuildPhase section */
		05138BD03A16E74676F45BD9 /* [CP] Check Pods Manifest.lock */ = {
			isa = PBXShellScriptBuildPhase;
			buildActionMask = 2147483647;
			files = (
			);
			inputFileListPaths = (
			);
			inputPaths = (
				"${PODS_PODFILE_DIR_PATH}/Podfile.lock",
				"${PODS_ROOT}/Manifest.lock",
			);
			name = "[CP] Check Pods Manifest.lock";
			outputFileListPaths = (
			);
			outputPaths = (
				"$(DERIVED_FILE_DIR)/Pods-InterstitialExample-checkManifestLockResult.txt",
			);
			runOnlyForDeploymentPostprocessing = 0;
			shellPath = /bin/sh;
			shellScript = "diff \"${PODS_PODFILE_DIR_PATH}/Podfile.lock\" \"${PODS_ROOT}/Manifest.lock\" > /dev/null\nif [ $? != 0 ] ; then\n    # print error to STDERR\n    echo \"error: The sandbox is not in sync with the Podfile.lock. Run 'pod install' or update your CocoaPods installation.\" >&2\n    exit 1\nfi\n# This output is used by Xcode 'outputs' to avoid re-running this script phase.\necho \"SUCCESS\" > \"${SCRIPT_OUTPUT_FILE_0}\"\n";
			showEnvVarsInLog = 0;
		};
		67124F2E50424597FA501F0B /* [CP] Embed Pods Frameworks */ = {
			isa = PBXShellScriptBuildPhase;
			buildActionMask = 2147483647;
			files = (
			);
			inputFileListPaths = (
				"${PODS_ROOT}/Target Support Files/Pods-InterstitialExample/Pods-InterstitialExample-frameworks-${CONFIGURATION}-input-files.xcfilelist",
			);
			name = "[CP] Embed Pods Frameworks";
			outputFileListPaths = (
				"${PODS_ROOT}/Target Support Files/Pods-InterstitialExample/Pods-InterstitialExample-frameworks-${CONFIGURATION}-output-files.xcfilelist",
			);
			runOnlyForDeploymentPostprocessing = 0;
			shellPath = /bin/sh;
			shellScript = "\"${PODS_ROOT}/Target Support Files/Pods-InterstitialExample/Pods-InterstitialExample-frameworks.sh\"\n";
			showEnvVarsInLog = 0;
		};
/* End PBXShellScriptBuildPhase section */

/* Begin PBXSourcesBuildPhase section */
		54D441D6253722C20056FF13 /* Sources */ = {
			isa = PBXSourcesBuildPhase;
			buildActionMask = 2147483647;
			files = (
				5449471E257FBF9D00CE74AB /* OguryAdsAdapterConfiguration.m in Sources */,
				5449471B257FBF9D00CE74AB /* OguryAdsMoPubEventInterstitial.m in Sources */,
				54494719257FBF9D00CE74AB /* OGMThumbnailView.m in Sources */,
				54D441E2253722C20056FF13 /* ViewController.swift in Sources */,
				5449471C257FBF9D00CE74AB /* OguryAdsMoPubEventOptin.m in Sources */,
				5449471D257FBF9D00CE74AB /* OguryAdsMoPubEventThumbnail.m in Sources */,
				5449471A257FBF9D00CE74AB /* OguryAdsMoPubEventBanner.m in Sources */,
				54D441DE253722C20056FF13 /* AppDelegate.swift in Sources */,
			);
			runOnlyForDeploymentPostprocessing = 0;
		};
/* End PBXSourcesBuildPhase section */

/* Begin PBXVariantGroup section */
		54D441E3253722C20056FF13 /* Main.storyboard */ = {
			isa = PBXVariantGroup;
			children = (
				54D441E4253722C20056FF13 /* Base */,
			);
			name = Main.storyboard;
			sourceTree = "<group>";
		};
		54D441E8253722C90056FF13 /* LaunchScreen.storyboard */ = {
			isa = PBXVariantGroup;
			children = (
				54D441E9253722C90056FF13 /* Base */,
			);
			name = LaunchScreen.storyboard;
			sourceTree = "<group>";
		};
/* End PBXVariantGroup section */

/* Begin XCBuildConfiguration section */
		54D441EC253722C90056FF13 /* Debug */ = {
			isa = XCBuildConfiguration;
			buildSettings = {
				ALWAYS_SEARCH_USER_PATHS = NO;
				CLANG_ANALYZER_NONNULL = YES;
				CLANG_ANALYZER_NUMBER_OBJECT_CONVERSION = YES_AGGRESSIVE;
				CLANG_CXX_LANGUAGE_STANDARD = "gnu++14";
				CLANG_CXX_LIBRARY = "libc++";
				CLANG_ENABLE_MODULES = YES;
				CLANG_ENABLE_OBJC_ARC = YES;
				CLANG_ENABLE_OBJC_WEAK = YES;
				CLANG_WARN_BLOCK_CAPTURE_AUTORELEASING = YES;
				CLANG_WARN_BOOL_CONVERSION = YES;
				CLANG_WARN_COMMA = YES;
				CLANG_WARN_CONSTANT_CONVERSION = YES;
				CLANG_WARN_DEPRECATED_OBJC_IMPLEMENTATIONS = YES;
				CLANG_WARN_DIRECT_OBJC_ISA_USAGE = YES_ERROR;
				CLANG_WARN_DOCUMENTATION_COMMENTS = YES;
				CLANG_WARN_EMPTY_BODY = YES;
				CLANG_WARN_ENUM_CONVERSION = YES;
				CLANG_WARN_INFINITE_RECURSION = YES;
				CLANG_WARN_INT_CONVERSION = YES;
				CLANG_WARN_NON_LITERAL_NULL_CONVERSION = YES;
				CLANG_WARN_OBJC_IMPLICIT_RETAIN_SELF = YES;
				CLANG_WARN_OBJC_LITERAL_CONVERSION = YES;
				CLANG_WARN_OBJC_ROOT_CLASS = YES_ERROR;
				CLANG_WARN_QUOTED_INCLUDE_IN_FRAMEWORK_HEADER = YES;
				CLANG_WARN_RANGE_LOOP_ANALYSIS = YES;
				CLANG_WARN_STRICT_PROTOTYPES = YES;
				CLANG_WARN_SUSPICIOUS_MOVE = YES;
				CLANG_WARN_UNGUARDED_AVAILABILITY = YES_AGGRESSIVE;
				CLANG_WARN_UNREACHABLE_CODE = YES;
				CLANG_WARN__DUPLICATE_METHOD_MATCH = YES;
				COPY_PHASE_STRIP = NO;
				DEBUG_INFORMATION_FORMAT = dwarf;
				ENABLE_STRICT_OBJC_MSGSEND = YES;
				ENABLE_TESTABILITY = YES;
				GCC_C_LANGUAGE_STANDARD = gnu11;
				GCC_DYNAMIC_NO_PIC = NO;
				GCC_NO_COMMON_BLOCKS = YES;
				GCC_OPTIMIZATION_LEVEL = 0;
				GCC_PREPROCESSOR_DEFINITIONS = (
					"DEBUG=1",
					"$(inherited)",
				);
				GCC_WARN_64_TO_32_BIT_CONVERSION = YES;
				GCC_WARN_ABOUT_RETURN_TYPE = YES_ERROR;
				GCC_WARN_UNDECLARED_SELECTOR = YES;
				GCC_WARN_UNINITIALIZED_AUTOS = YES_AGGRESSIVE;
				GCC_WARN_UNUSED_FUNCTION = YES;
				GCC_WARN_UNUSED_VARIABLE = YES;
				IPHONEOS_DEPLOYMENT_TARGET = 14.0;
				MTL_ENABLE_DEBUG_INFO = INCLUDE_SOURCE;
				MTL_FAST_MATH = YES;
				ONLY_ACTIVE_ARCH = YES;
				SDKROOT = iphoneos;
				SWIFT_ACTIVE_COMPILATION_CONDITIONS = DEBUG;
				SWIFT_OPTIMIZATION_LEVEL = "-Onone";
			};
			name = Debug;
		};
		54D441ED253722C90056FF13 /* Release */ = {
			isa = XCBuildConfiguration;
			buildSettings = {
				ALWAYS_SEARCH_USER_PATHS = NO;
				CLANG_ANALYZER_NONNULL = YES;
				CLANG_ANALYZER_NUMBER_OBJECT_CONVERSION = YES_AGGRESSIVE;
				CLANG_CXX_LANGUAGE_STANDARD = "gnu++14";
				CLANG_CXX_LIBRARY = "libc++";
				CLANG_ENABLE_MODULES = YES;
				CLANG_ENABLE_OBJC_ARC = YES;
				CLANG_ENABLE_OBJC_WEAK = YES;
				CLANG_WARN_BLOCK_CAPTURE_AUTORELEASING = YES;
				CLANG_WARN_BOOL_CONVERSION = YES;
				CLANG_WARN_COMMA = YES;
				CLANG_WARN_CONSTANT_CONVERSION = YES;
				CLANG_WARN_DEPRECATED_OBJC_IMPLEMENTATIONS = YES;
				CLANG_WARN_DIRECT_OBJC_ISA_USAGE = YES_ERROR;
				CLANG_WARN_DOCUMENTATION_COMMENTS = YES;
				CLANG_WARN_EMPTY_BODY = YES;
				CLANG_WARN_ENUM_CONVERSION = YES;
				CLANG_WARN_INFINITE_RECURSION = YES;
				CLANG_WARN_INT_CONVERSION = YES;
				CLANG_WARN_NON_LITERAL_NULL_CONVERSION = YES;
				CLANG_WARN_OBJC_IMPLICIT_RETAIN_SELF = YES;
				CLANG_WARN_OBJC_LITERAL_CONVERSION = YES;
				CLANG_WARN_OBJC_ROOT_CLASS = YES_ERROR;
				CLANG_WARN_QUOTED_INCLUDE_IN_FRAMEWORK_HEADER = YES;
				CLANG_WARN_RANGE_LOOP_ANALYSIS = YES;
				CLANG_WARN_STRICT_PROTOTYPES = YES;
				CLANG_WARN_SUSPICIOUS_MOVE = YES;
				CLANG_WARN_UNGUARDED_AVAILABILITY = YES_AGGRESSIVE;
				CLANG_WARN_UNREACHABLE_CODE = YES;
				CLANG_WARN__DUPLICATE_METHOD_MATCH = YES;
				COPY_PHASE_STRIP = NO;
				DEBUG_INFORMATION_FORMAT = "dwarf-with-dsym";
				ENABLE_NS_ASSERTIONS = NO;
				ENABLE_STRICT_OBJC_MSGSEND = YES;
				GCC_C_LANGUAGE_STANDARD = gnu11;
				GCC_NO_COMMON_BLOCKS = YES;
				GCC_WARN_64_TO_32_BIT_CONVERSION = YES;
				GCC_WARN_ABOUT_RETURN_TYPE = YES_ERROR;
				GCC_WARN_UNDECLARED_SELECTOR = YES;
				GCC_WARN_UNINITIALIZED_AUTOS = YES_AGGRESSIVE;
				GCC_WARN_UNUSED_FUNCTION = YES;
				GCC_WARN_UNUSED_VARIABLE = YES;
				IPHONEOS_DEPLOYMENT_TARGET = 14.0;
				MTL_ENABLE_DEBUG_INFO = NO;
				MTL_FAST_MATH = YES;
				SDKROOT = iphoneos;
				SWIFT_COMPILATION_MODE = wholemodule;
				SWIFT_OPTIMIZATION_LEVEL = "-O";
				VALIDATE_PRODUCT = YES;
			};
			name = Release;
		};
		54D441EF253722C90056FF13 /* Debug */ = {
			isa = XCBuildConfiguration;
			baseConfigurationReference = 8CA18C87A0D48235B1D55002 /* Pods-InterstitialExample.debug.xcconfig */;
			buildSettings = {
				ASSETCATALOG_COMPILER_APPICON_NAME = AppIcon;
				ASSETCATALOG_COMPILER_GLOBAL_ACCENT_COLOR_NAME = AccentColor;
				CODE_SIGN_STYLE = Manual;
				DEVELOPMENT_TEAM = "";
				INFOPLIST_FILE = InterstitialExample/Info.plist;
				IPHONEOS_DEPLOYMENT_TARGET = 10.0;
				LD_RUNPATH_SEARCH_PATHS = (
					"$(inherited)",
					"@executable_path/Frameworks",
				);
				PRODUCT_BUNDLE_IDENTIFIER = com.ogury.ios.sampleApp;
				PRODUCT_NAME = "$(TARGET_NAME)";
				PROVISIONING_PROFILE_SPECIFIER = "";
				SWIFT_VERSION = 5.0;
				TARGETED_DEVICE_FAMILY = "1,2";
			};
			name = Debug;
		};
		54D441F0253722C90056FF13 /* Release */ = {
			isa = XCBuildConfiguration;
			baseConfigurationReference = 38A974C6DC01493B39FE0761 /* Pods-InterstitialExample.release.xcconfig */;
			buildSettings = {
				ASSETCATALOG_COMPILER_APPICON_NAME = AppIcon;
				ASSETCATALOG_COMPILER_GLOBAL_ACCENT_COLOR_NAME = AccentColor;
				CODE_SIGN_STYLE = Manual;
				DEVELOPMENT_TEAM = "";
				INFOPLIST_FILE = InterstitialExample/Info.plist;
				IPHONEOS_DEPLOYMENT_TARGET = 10.0;
				LD_RUNPATH_SEARCH_PATHS = (
					"$(inherited)",
					"@executable_path/Frameworks",
				);
				PRODUCT_BUNDLE_IDENTIFIER = com.ogury.ios.sampleApp;
				PRODUCT_NAME = "$(TARGET_NAME)";
				PROVISIONING_PROFILE_SPECIFIER = "";
				SWIFT_VERSION = 5.0;
				TARGETED_DEVICE_FAMILY = "1,2";
			};
			name = Release;
		};
/* End XCBuildConfiguration section */

/* Begin XCConfigurationList section */
		54D441D5253722C20056FF13 /* Build configuration list for PBXProject "InterstitialExample" */ = {
			isa = XCConfigurationList;
			buildConfigurations = (
				54D441EC253722C90056FF13 /* Debug */,
				54D441ED253722C90056FF13 /* Release */,
			);
			defaultConfigurationIsVisible = 0;
			defaultConfigurationName = Release;
		};
		54D441EE253722C90056FF13 /* Build configuration list for PBXNativeTarget "InterstitialExample" */ = {
			isa = XCConfigurationList;
			buildConfigurations = (
				54D441EF253722C90056FF13 /* Debug */,
				54D441F0253722C90056FF13 /* Release */,
			);
			defaultConfigurationIsVisible = 0;
			defaultConfigurationName = Release;
		};
/* End XCConfigurationList section */
	};
	rootObject = 54D441D2253722C20056FF13 /* Project object */;
}
