// !$*UTF8*$!
{
	archiveVersion = 1;
	classes = {
	};
	objectVersion = 51;
	objects = {

/* Begin PBXBuildFile section */
		5463D816258B6BEB008ECC75 /* BlackListViewController.m in Sources */ = {isa = PBXBuildFile; fileRef = 5463D815258B6BEB008ECC75 /* BlackListViewController.m */; };
		547FD6A3257E50D000FF4F44 /* AppDelegate.m in Sources */ = {isa = PBXBuildFile; fileRef = 547FD6A2257E50D000FF4F44 /* AppDelegate.m */; };
		547FD6A9257E50D000FF4F44 /* ViewController.m in Sources */ = {isa = PBXBuildFile; fileRef = 547FD6A8257E50D000FF4F44 /* ViewController.m */; };
		547FD6AC257E50D000FF4F44 /* Main.storyboard in Resources */ = {isa = PBXBuildFile; fileRef = 547FD6AA257E50D000FF4F44 /* Main.storyboard */; };
		547FD6B1257E50D200FF4F44 /* Assets.xcassets in Resources */ = {isa = PBXBuildFile; fileRef = 547FD6B0257E50D200FF4F44 /* Assets.xcassets */; };
		547FD6B4257E50D200FF4F44 /* LaunchScreen.storyboard in Resources */ = {isa = PBXBuildFile; fileRef = 547FD6B2257E50D200FF4F44 /* LaunchScreen.storyboard */; };
		547FD6B7257E50D200FF4F44 /* main.m in Sources */ = {isa = PBXBuildFile; fileRef = 547FD6B6257E50D200FF4F44 /* main.m */; };
		54D170BB2587BB1C00D989B3 /* OGMThumbnailView.m in Sources */ = {isa = PBXBuildFile; fileRef = 54D170AE2587BB1C00D989B3 /* OGMThumbnailView.m */; };
		54D170BC2587BB1C00D989B3 /* OguryAdsMoPubEventBanner.m in Sources */ = {isa = PBXBuildFile; fileRef = 54D170B02587BB1C00D989B3 /* OguryAdsMoPubEventBanner.m */; };
		54D170BD2587BB1C00D989B3 /* OguryAdsMoPubEventInterstitial.m in Sources */ = {isa = PBXBuildFile; fileRef = 54D170B12587BB1C00D989B3 /* OguryAdsMoPubEventInterstitial.m */; };
		54D170BE2587BB1C00D989B3 /* OguryAdsMoPubEventOptin.m in Sources */ = {isa = PBXBuildFile; fileRef = 54D170B42587BB1C00D989B3 /* OguryAdsMoPubEventOptin.m */; };
		54D170BF2587BB1C00D989B3 /* OguryAdsMoPubEventThumbnail.m in Sources */ = {isa = PBXBuildFile; fileRef = 54D170B72587BB1C00D989B3 /* OguryAdsMoPubEventThumbnail.m */; };
		54D170C02587BB1C00D989B3 /* OguryAdsAdapterConfiguration.m in Sources */ = {isa = PBXBuildFile; fileRef = 54D170BA2587BB1C00D989B3 /* OguryAdsAdapterConfiguration.m */; };
		DCC1B9BCC5B6193A0ACB0F13 /* Pods_ThumbnailExample.framework in Frameworks */ = {isa = PBXBuildFile; fileRef = 381E36859DC6CC6185663B91 /* Pods_ThumbnailExample.framework */; };
/* End PBXBuildFile section */

/* Begin PBXFileReference section */
		381E36859DC6CC6185663B91 /* Pods_ThumbnailExample.framework */ = {isa = PBXFileReference; explicitFileType = wrapper.framework; includeInIndex = 0; path = Pods_ThumbnailExample.framework; sourceTree = BUILT_PRODUCTS_DIR; };
		522985E4ACEF861898938219 /* Pods-ThumbnailExample.debug.xcconfig */ = {isa = PBXFileReference; includeInIndex = 1; lastKnownFileType = text.xcconfig; name = "Pods-ThumbnailExample.debug.xcconfig"; path = "Target Support Files/Pods-ThumbnailExample/Pods-ThumbnailExample.debug.xcconfig"; sourceTree = "<group>"; };
		5463D814258B6BEB008ECC75 /* BlackListViewController.h */ = {isa = PBXFileReference; lastKnownFileType = sourcecode.c.h; path = BlackListViewController.h; sourceTree = "<group>"; };
		5463D815258B6BEB008ECC75 /* BlackListViewController.m */ = {isa = PBXFileReference; lastKnownFileType = sourcecode.c.objc; path = BlackListViewController.m; sourceTree = "<group>"; };
		547FD69E257E50D000FF4F44 /* ThumbnailExample.app */ = {isa = PBXFileReference; explicitFileType = wrapper.application; includeInIndex = 0; path = ThumbnailExample.app; sourceTree = BUILT_PRODUCTS_DIR; };
		547FD6A1257E50D000FF4F44 /* AppDelegate.h */ = {isa = PBXFileReference; lastKnownFileType = sourcecode.c.h; path = AppDelegate.h; sourceTree = "<group>"; };
		547FD6A2257E50D000FF4F44 /* AppDelegate.m */ = {isa = PBXFileReference; lastKnownFileType = sourcecode.c.objc; path = AppDelegate.m; sourceTree = "<group>"; };
		547FD6A7257E50D000FF4F44 /* ViewController.h */ = {isa = PBXFileReference; lastKnownFileType = sourcecode.c.h; path = ViewController.h; sourceTree = "<group>"; };
		547FD6A8257E50D000FF4F44 /* ViewController.m */ = {isa = PBXFileReference; lastKnownFileType = sourcecode.c.objc; path = ViewController.m; sourceTree = "<group>"; };
		547FD6AB257E50D000FF4F44 /* Base */ = {isa = PBXFileReference; lastKnownFileType = file.storyboard; name = Base; path = Base.lproj/Main.storyboard; sourceTree = "<group>"; };
		547FD6B0257E50D200FF4F44 /* Assets.xcassets */ = {isa = PBXFileReference; lastKnownFileType = folder.assetcatalog; path = Assets.xcassets; sourceTree = "<group>"; };
		547FD6B3257E50D200FF4F44 /* Base */ = {isa = PBXFileReference; lastKnownFileType = file.storyboard; name = Base; path = Base.lproj/LaunchScreen.storyboard; sourceTree = "<group>"; };
		547FD6B5257E50D200FF4F44 /* Info.plist */ = {isa = PBXFileReference; lastKnownFileType = text.plist.xml; path = Info.plist; sourceTree = "<group>"; };
		547FD6B6257E50D200FF4F44 /* main.m */ = {isa = PBXFileReference; lastKnownFileType = sourcecode.c.objc; path = main.m; sourceTree = "<group>"; };
		54D170AE2587BB1C00D989B3 /* OGMThumbnailView.m */ = {isa = PBXFileReference; fileEncoding = 4; lastKnownFileType = sourcecode.c.objc; path = OGMThumbnailView.m; sourceTree = "<group>"; };
		54D170AF2587BB1C00D989B3 /* OGMThumbnailView.h */ = {isa = PBXFileReference; fileEncoding = 4; lastKnownFileType = sourcecode.c.h; path = OGMThumbnailView.h; sourceTree = "<group>"; };
		54D170B02587BB1C00D989B3 /* OguryAdsMoPubEventBanner.m */ = {isa = PBXFileReference; fileEncoding = 4; lastKnownFileType = sourcecode.c.objc; path = OguryAdsMoPubEventBanner.m; sourceTree = "<group>"; };
		54D170B12587BB1C00D989B3 /* OguryAdsMoPubEventInterstitial.m */ = {isa = PBXFileReference; fileEncoding = 4; lastKnownFileType = sourcecode.c.objc; path = OguryAdsMoPubEventInterstitial.m; sourceTree = "<group>"; };
		54D170B22587BB1C00D989B3 /* OguryAdsMoPubEventThumbnail.h */ = {isa = PBXFileReference; fileEncoding = 4; lastKnownFileType = sourcecode.c.h; path = OguryAdsMoPubEventThumbnail.h; sourceTree = "<group>"; };
		54D170B32587BB1C00D989B3 /* OguryAdsAdapterConfiguration.h */ = {isa = PBXFileReference; fileEncoding = 4; lastKnownFileType = sourcecode.c.h; path = OguryAdsAdapterConfiguration.h; sourceTree = "<group>"; };
		54D170B42587BB1C00D989B3 /* OguryAdsMoPubEventOptin.m */ = {isa = PBXFileReference; fileEncoding = 4; lastKnownFileType = sourcecode.c.objc; path = OguryAdsMoPubEventOptin.m; sourceTree = "<group>"; };
		54D170B52587BB1C00D989B3 /* MopubCustomEvents-Bridging-Header.h */ = {isa = PBXFileReference; fileEncoding = 4; lastKnownFileType = sourcecode.c.h; path = "MopubCustomEvents-Bridging-Header.h"; sourceTree = "<group>"; };
		54D170B62587BB1C00D989B3 /* OguryAdsMoPubEventBanner.h */ = {isa = PBXFileReference; fileEncoding = 4; lastKnownFileType = sourcecode.c.h; path = OguryAdsMoPubEventBanner.h; sourceTree = "<group>"; };
		54D170B72587BB1C00D989B3 /* OguryAdsMoPubEventThumbnail.m */ = {isa = PBXFileReference; fileEncoding = 4; lastKnownFileType = sourcecode.c.objc; path = OguryAdsMoPubEventThumbnail.m; sourceTree = "<group>"; };
		54D170B82587BB1C00D989B3 /* OguryAdsMoPubEventInterstitial.h */ = {isa = PBXFileReference; fileEncoding = 4; lastKnownFileType = sourcecode.c.h; path = OguryAdsMoPubEventInterstitial.h; sourceTree = "<group>"; };
		54D170B92587BB1C00D989B3 /* OguryAdsMoPubEventOptin.h */ = {isa = PBXFileReference; fileEncoding = 4; lastKnownFileType = sourcecode.c.h; path = OguryAdsMoPubEventOptin.h; sourceTree = "<group>"; };
		54D170BA2587BB1C00D989B3 /* OguryAdsAdapterConfiguration.m */ = {isa = PBXFileReference; fileEncoding = 4; lastKnownFileType = sourcecode.c.objc; path = OguryAdsAdapterConfiguration.m; sourceTree = "<group>"; };
		C0311B375A9DAE39EDC3918B /* Pods-ThumbnailExample.release.xcconfig */ = {isa = PBXFileReference; includeInIndex = 1; lastKnownFileType = text.xcconfig; name = "Pods-ThumbnailExample.release.xcconfig"; path = "Target Support Files/Pods-ThumbnailExample/Pods-ThumbnailExample.release.xcconfig"; sourceTree = "<group>"; };
/* End PBXFileReference section */

/* Begin PBXFrameworksBuildPhase section */
		547FD69B257E50D000FF4F44 /* Frameworks */ = {
			isa = PBXFrameworksBuildPhase;
			buildActionMask = 2147483647;
			files = (
				DCC1B9BCC5B6193A0ACB0F13 /* Pods_ThumbnailExample.framework in Frameworks */,
			);
			runOnlyForDeploymentPostprocessing = 0;
		};
/* End PBXFrameworksBuildPhase section */

/* Begin PBXGroup section */
		099EE8A73E231BEEA353468F /* Frameworks */ = {
			isa = PBXGroup;
			children = (
				381E36859DC6CC6185663B91 /* Pods_ThumbnailExample.framework */,
			);
			name = Frameworks;
			sourceTree = "<group>";
		};
		144D28874F74F7E761E7C2A6 /* Pods */ = {
			isa = PBXGroup;
			children = (
				522985E4ACEF861898938219 /* Pods-ThumbnailExample.debug.xcconfig */,
				C0311B375A9DAE39EDC3918B /* Pods-ThumbnailExample.release.xcconfig */,
			);
			path = Pods;
			sourceTree = "<group>";
		};
		547FD695257E50D000FF4F44 = {
			isa = PBXGroup;
			children = (
				54D170AC2587BB1C00D989B3 /* OguryAdsCustomEventsMoPub */,
				547FD6A0257E50D000FF4F44 /* ThumbnailExample */,
				547FD69F257E50D000FF4F44 /* Products */,
				144D28874F74F7E761E7C2A6 /* Pods */,
				099EE8A73E231BEEA353468F /* Frameworks */,
			);
			sourceTree = "<group>";
		};
		547FD69F257E50D000FF4F44 /* Products */ = {
			isa = PBXGroup;
			children = (
				547FD69E257E50D000FF4F44 /* ThumbnailExample.app */,
			);
			name = Products;
			sourceTree = "<group>";
		};
		547FD6A0257E50D000FF4F44 /* ThumbnailExample */ = {
			isa = PBXGroup;
			children = (
				547FD6A1257E50D000FF4F44 /* AppDelegate.h */,
				547FD6A2257E50D000FF4F44 /* AppDelegate.m */,
				547FD6A7257E50D000FF4F44 /* ViewController.h */,
				547FD6A8257E50D000FF4F44 /* ViewController.m */,
				547FD6AA257E50D000FF4F44 /* Main.storyboard */,
				547FD6B0257E50D200FF4F44 /* Assets.xcassets */,
				547FD6B2257E50D200FF4F44 /* LaunchScreen.storyboard */,
				547FD6B5257E50D200FF4F44 /* Info.plist */,
				547FD6B6257E50D200FF4F44 /* main.m */,
				5463D814258B6BEB008ECC75 /* BlackListViewController.h */,
				5463D815258B6BEB008ECC75 /* BlackListViewController.m */,
			);
			path = ThumbnailExample;
			sourceTree = "<group>";
		};
		54D170AC2587BB1C00D989B3 /* OguryAdsCustomEventsMoPub */ = {
			isa = PBXGroup;
			children = (
				54D170AD2587BB1C00D989B3 /* Thumbnail */,
				54D170B02587BB1C00D989B3 /* OguryAdsMoPubEventBanner.m */,
				54D170B12587BB1C00D989B3 /* OguryAdsMoPubEventInterstitial.m */,
				54D170B22587BB1C00D989B3 /* OguryAdsMoPubEventThumbnail.h */,
				54D170B32587BB1C00D989B3 /* OguryAdsAdapterConfiguration.h */,
				54D170B42587BB1C00D989B3 /* OguryAdsMoPubEventOptin.m */,
				54D170B52587BB1C00D989B3 /* MopubCustomEvents-Bridging-Header.h */,
				54D170B62587BB1C00D989B3 /* OguryAdsMoPubEventBanner.h */,
				54D170B72587BB1C00D989B3 /* OguryAdsMoPubEventThumbnail.m */,
				54D170B82587BB1C00D989B3 /* OguryAdsMoPubEventInterstitial.h */,
				54D170B92587BB1C00D989B3 /* OguryAdsMoPubEventOptin.h */,
				54D170BA2587BB1C00D989B3 /* OguryAdsAdapterConfiguration.m */,
			);
			path = OguryAdsCustomEventsMoPub;
			sourceTree = "<group>";
		};
		54D170AD2587BB1C00D989B3 /* Thumbnail */ = {
			isa = PBXGroup;
			children = (
				54D170AE2587BB1C00D989B3 /* OGMThumbnailView.m */,
				54D170AF2587BB1C00D989B3 /* OGMThumbnailView.h */,
			);
			path = Thumbnail;
			sourceTree = "<group>";
		};
/* End PBXGroup section */

/* Begin PBXNativeTarget section */
		547FD69D257E50D000FF4F44 /* ThumbnailExample */ = {
			isa = PBXNativeTarget;
			buildConfigurationList = 547FD6D0257E50D200FF4F44 /* Build configuration list for PBXNativeTarget "ThumbnailExample" */;
			buildPhases = (
				D1535C2A3BC57DB7B9EFDB7B /* [CP] Check Pods Manifest.lock */,
				547FD69A257E50D000FF4F44 /* Sources */,
				547FD69B257E50D000FF4F44 /* Frameworks */,
				547FD69C257E50D000FF4F44 /* Resources */,
				0FC9EBE6E3B86771C03456A2 /* [CP] Embed Pods Frameworks */,
			);
			buildRules = (
			);
			dependencies = (
			);
			name = ThumbnailExample;
			productName = ThumbnailExample;
			productReference = 547FD69E257E50D000FF4F44 /* ThumbnailExample.app */;
			productType = "com.apple.product-type.application";
		};
/* End PBXNativeTarget section */

/* Begin PBXProject section */
		547FD696257E50D000FF4F44 /* Project object */ = {
			isa = PBXProject;
			attributes = {
				LastUpgradeCheck = 1220;
				TargetAttributes = {
					547FD69D257E50D000FF4F44 = {
						CreatedOnToolsVersion = 12.2;
					};
				};
			};
			buildConfigurationList = 547FD699257E50D000FF4F44 /* Build configuration list for PBXProject "ThumbnailExample" */;
			compatibilityVersion = "Xcode 9.3";
			developmentRegion = en;
			hasScannedForEncodings = 0;
			knownRegions = (
				en,
				Base,
			);
			mainGroup = 547FD695257E50D000FF4F44;
			productRefGroup = 547FD69F257E50D000FF4F44 /* Products */;
			projectDirPath = "";
			projectRoot = "";
			targets = (
				547FD69D257E50D000FF4F44 /* ThumbnailExample */,
			);
		};
/* End PBXProject section */

/* Begin PBXResourcesBuildPhase section */
		547FD69C257E50D000FF4F44 /* Resources */ = {
			isa = PBXResourcesBuildPhase;
			buildActionMask = 2147483647;
			files = (
				547FD6B4257E50D200FF4F44 /* LaunchScreen.storyboard in Resources */,
				547FD6B1257E50D200FF4F44 /* Assets.xcassets in Resources */,
				547FD6AC257E50D000FF4F44 /* Main.storyboard in Resources */,
			);
			runOnlyForDeploymentPostprocessing = 0;
		};
/* End PBXResourcesBuildPhase section */

/* Begin PBXShellScriptBuildPhase section */
		0FC9EBE6E3B86771C03456A2 /* [CP] Embed Pods Frameworks */ = {
			isa = PBXShellScriptBuildPhase;
			buildActionMask = 2147483647;
			files = (
			);
			inputFileListPaths = (
				"${PODS_ROOT}/Target Support Files/Pods-ThumbnailExample/Pods-ThumbnailExample-frameworks-${CONFIGURATION}-input-files.xcfilelist",
			);
			name = "[CP] Embed Pods Frameworks";
			outputFileListPaths = (
				"${PODS_ROOT}/Target Support Files/Pods-ThumbnailExample/Pods-ThumbnailExample-frameworks-${CONFIGURATION}-output-files.xcfilelist",
			);
			runOnlyForDeploymentPostprocessing = 0;
			shellPath = /bin/sh;
			shellScript = "\"${PODS_ROOT}/Target Support Files/Pods-ThumbnailExample/Pods-ThumbnailExample-frameworks.sh\"\n";
			showEnvVarsInLog = 0;
		};
		D1535C2A3BC57DB7B9EFDB7B /* [CP] Check Pods Manifest.lock */ = {
			isa = PBXShellScriptBuildPhase;
			buildActionMask = 2147483647;
			files = (
			);
			inputFileListPaths = (
			);
			inputPaths = (
				"${PODS_PODFILE_DIR_PATH}/Podfile.lock",
				"${PODS_ROOT}/Manifest.lock",
			);
			name = "[CP] Check Pods Manifest.lock";
			outputFileListPaths = (
			);
			outputPaths = (
				"$(DERIVED_FILE_DIR)/Pods-ThumbnailExample-checkManifestLockResult.txt",
			);
			runOnlyForDeploymentPostprocessing = 0;
			shellPath = /bin/sh;
			shellScript = "diff \"${PODS_PODFILE_DIR_PATH}/Podfile.lock\" \"${PODS_ROOT}/Manifest.lock\" > /dev/null\nif [ $? != 0 ] ; then\n    # print error to STDERR\n    echo \"error: The sandbox is not in sync with the Podfile.lock. Run 'pod install' or update your CocoaPods installation.\" >&2\n    exit 1\nfi\n# This output is used by Xcode 'outputs' to avoid re-running this script phase.\necho \"SUCCESS\" > \"${SCRIPT_OUTPUT_FILE_0}\"\n";
			showEnvVarsInLog = 0;
		};
/* End PBXShellScriptBuildPhase section */

/* Begin PBXSourcesBuildPhase section */
		547FD69A257E50D000FF4F44 /* Sources */ = {
			isa = PBXSourcesBuildPhase;
			buildActionMask = 2147483647;
			files = (
				5463D816258B6BEB008ECC75 /* BlackListViewController.m in Sources */,
				54D170BC2587BB1C00D989B3 /* OguryAdsMoPubEventBanner.m in Sources */,
				547FD6B7257E50D200FF4F44 /* main.m in Sources */,
				54D170BE2587BB1C00D989B3 /* OguryAdsMoPubEventOptin.m in Sources */,
				547FD6A9257E50D000FF4F44 /* ViewController.m in Sources */,
				54D170C02587BB1C00D989B3 /* OguryAdsAdapterConfiguration.m in Sources */,
				547FD6A3257E50D000FF4F44 /* AppDelegate.m in Sources */,
				54D170BD2587BB1C00D989B3 /* OguryAdsMoPubEventInterstitial.m in Sources */,
				54D170BB2587BB1C00D989B3 /* OGMThumbnailView.m in Sources */,
				54D170BF2587BB1C00D989B3 /* OguryAdsMoPubEventThumbnail.m in Sources */,
			);
			runOnlyForDeploymentPostprocessing = 0;
		};
/* End PBXSourcesBuildPhase section */

/* Begin PBXVariantGroup section */
		547FD6AA257E50D000FF4F44 /* Main.storyboard */ = {
			isa = PBXVariantGroup;
			children = (
				547FD6AB257E50D000FF4F44 /* Base */,
			);
			name = Main.storyboard;
			sourceTree = "<group>";
		};
		547FD6B2257E50D200FF4F44 /* LaunchScreen.storyboard */ = {
			isa = PBXVariantGroup;
			children = (
				547FD6B3257E50D200FF4F44 /* Base */,
			);
			name = LaunchScreen.storyboard;
			sourceTree = "<group>";
		};
/* End PBXVariantGroup section */

/* Begin XCBuildConfiguration section */
		547FD6CE257E50D200FF4F44 /* Debug */ = {
			isa = XCBuildConfiguration;
			buildSettings = {
				ALWAYS_SEARCH_USER_PATHS = NO;
				CLANG_ANALYZER_NONNULL = YES;
				CLANG_ANALYZER_NUMBER_OBJECT_CONVERSION = YES_AGGRESSIVE;
				CLANG_CXX_LANGUAGE_STANDARD = "gnu++14";
				CLANG_CXX_LIBRARY = "libc++";
				CLANG_ENABLE_MODULES = YES;
				CLANG_ENABLE_OBJC_ARC = YES;
				CLANG_ENABLE_OBJC_WEAK = YES;
				CLANG_WARN_BLOCK_CAPTURE_AUTORELEASING = YES;
				CLANG_WARN_BOOL_CONVERSION = YES;
				CLANG_WARN_COMMA = YES;
				CLANG_WARN_CONSTANT_CONVERSION = YES;
				CLANG_WARN_DEPRECATED_OBJC_IMPLEMENTATIONS = YES;
				CLANG_WARN_DIRECT_OBJC_ISA_USAGE = YES_ERROR;
				CLANG_WARN_DOCUMENTATION_COMMENTS = YES;
				CLANG_WARN_EMPTY_BODY = YES;
				CLANG_WARN_ENUM_CONVERSION = YES;
				CLANG_WARN_INFINITE_RECURSION = YES;
				CLANG_WARN_INT_CONVERSION = YES;
				CLANG_WARN_NON_LITERAL_NULL_CONVERSION = YES;
				CLANG_WARN_OBJC_IMPLICIT_RETAIN_SELF = YES;
				CLANG_WARN_OBJC_LITERAL_CONVERSION = YES;
				CLANG_WARN_OBJC_ROOT_CLASS = YES_ERROR;
				CLANG_WARN_QUOTED_INCLUDE_IN_FRAMEWORK_HEADER = YES;
				CLANG_WARN_RANGE_LOOP_ANALYSIS = YES;
				CLANG_WARN_STRICT_PROTOTYPES = YES;
				CLANG_WARN_SUSPICIOUS_MOVE = YES;
				CLANG_WARN_UNGUARDED_AVAILABILITY = YES_AGGRESSIVE;
				CLANG_WARN_UNREACHABLE_CODE = YES;
				CLANG_WARN__DUPLICATE_METHOD_MATCH = YES;
				COPY_PHASE_STRIP = NO;
				DEBUG_INFORMATION_FORMAT = dwarf;
				ENABLE_STRICT_OBJC_MSGSEND = YES;
				ENABLE_TESTABILITY = YES;
				GCC_C_LANGUAGE_STANDARD = gnu11;
				GCC_DYNAMIC_NO_PIC = NO;
				GCC_NO_COMMON_BLOCKS = YES;
				GCC_OPTIMIZATION_LEVEL = 0;
				GCC_PREPROCESSOR_DEFINITIONS = (
					"DEBUG=1",
					"$(inherited)",
				);
				GCC_WARN_64_TO_32_BIT_CONVERSION = YES;
				GCC_WARN_ABOUT_RETURN_TYPE = YES_ERROR;
				GCC_WARN_UNDECLARED_SELECTOR = YES;
				GCC_WARN_UNINITIALIZED_AUTOS = YES_AGGRESSIVE;
				GCC_WARN_UNUSED_FUNCTION = YES;
				GCC_WARN_UNUSED_VARIABLE = YES;
				IPHONEOS_DEPLOYMENT_TARGET = 10;
				MTL_ENABLE_DEBUG_INFO = INCLUDE_SOURCE;
				MTL_FAST_MATH = YES;
				ONLY_ACTIVE_ARCH = YES;
				SDKROOT = iphoneos;
			};
			name = Debug;
		};
		547FD6CF257E50D200FF4F44 /* Release */ = {
			isa = XCBuildConfiguration;
			buildSettings = {
				ALWAYS_SEARCH_USER_PATHS = NO;
				CLANG_ANALYZER_NONNULL = YES;
				CLANG_ANALYZER_NUMBER_OBJECT_CONVERSION = YES_AGGRESSIVE;
				CLANG_CXX_LANGUAGE_STANDARD = "gnu++14";
				CLANG_CXX_LIBRARY = "libc++";
				CLANG_ENABLE_MODULES = YES;
				CLANG_ENABLE_OBJC_ARC = YES;
				CLANG_ENABLE_OBJC_WEAK = YES;
				CLANG_WARN_BLOCK_CAPTURE_AUTORELEASING = YES;
				CLANG_WARN_BOOL_CONVERSION = YES;
				CLANG_WARN_COMMA = YES;
				CLANG_WARN_CONSTANT_CONVERSION = YES;
				CLANG_WARN_DEPRECATED_OBJC_IMPLEMENTATIONS = YES;
				CLANG_WARN_DIRECT_OBJC_ISA_USAGE = YES_ERROR;
				CLANG_WARN_DOCUMENTATION_COMMENTS = YES;
				CLANG_WARN_EMPTY_BODY = YES;
				CLANG_WARN_ENUM_CONVERSION = YES;
				CLANG_WARN_INFINITE_RECURSION = YES;
				CLANG_WARN_INT_CONVERSION = YES;
				CLANG_WARN_NON_LITERAL_NULL_CONVERSION = YES;
				CLANG_WARN_OBJC_IMPLICIT_RETAIN_SELF = YES;
				CLANG_WARN_OBJC_LITERAL_CONVERSION = YES;
				CLANG_WARN_OBJC_ROOT_CLASS = YES_ERROR;
				CLANG_WARN_QUOTED_INCLUDE_IN_FRAMEWORK_HEADER = YES;
				CLANG_WARN_RANGE_LOOP_ANALYSIS = YES;
				CLANG_WARN_STRICT_PROTOTYPES = YES;
				CLANG_WARN_SUSPICIOUS_MOVE = YES;
				CLANG_WARN_UNGUARDED_AVAILABILITY = YES_AGGRESSIVE;
				CLANG_WARN_UNREACHABLE_CODE = YES;
				CLANG_WARN__DUPLICATE_METHOD_MATCH = YES;
				COPY_PHASE_STRIP = NO;
				DEBUG_INFORMATION_FORMAT = "dwarf-with-dsym";
				ENABLE_NS_ASSERTIONS = NO;
				ENABLE_STRICT_OBJC_MSGSEND = YES;
				GCC_C_LANGUAGE_STANDARD = gnu11;
				GCC_NO_COMMON_BLOCKS = YES;
				GCC_WARN_64_TO_32_BIT_CONVERSION = YES;
				GCC_WARN_ABOUT_RETURN_TYPE = YES_ERROR;
				GCC_WARN_UNDECLARED_SELECTOR = YES;
				GCC_WARN_UNINITIALIZED_AUTOS = YES_AGGRESSIVE;
				GCC_WARN_UNUSED_FUNCTION = YES;
				GCC_WARN_UNUSED_VARIABLE = YES;
				IPHONEOS_DEPLOYMENT_TARGET = 10;
				MTL_ENABLE_DEBUG_INFO = NO;
				MTL_FAST_MATH = YES;
				SDKROOT = iphoneos;
				VALIDATE_PRODUCT = YES;
			};
			name = Release;
		};
		547FD6D1257E50D200FF4F44 /* Debug */ = {
			isa = XCBuildConfiguration;
			baseConfigurationReference = 522985E4ACEF861898938219 /* Pods-ThumbnailExample.debug.xcconfig */;
			buildSettings = {
				ASSETCATALOG_COMPILER_APPICON_NAME = AppIcon;
				ASSETCATALOG_COMPILER_GLOBAL_ACCENT_COLOR_NAME = AccentColor;
				CODE_SIGN_STYLE = Manual;
				DEVELOPMENT_TEAM = "";
				INFOPLIST_FILE = ThumbnailExample/Info.plist;
				LD_RUNPATH_SEARCH_PATHS = (
					"$(inherited)",
					"@executable_path/Frameworks",
				);
				PRODUCT_BUNDLE_IDENTIFIER = com.ogury.ios.sampleApp;
				PRODUCT_NAME = "$(TARGET_NAME)";
				PROVISIONING_PROFILE_SPECIFIER = "";
				TARGETED_DEVICE_FAMILY = "1,2";
			};
			name = Debug;
		};
		547FD6D2257E50D200FF4F44 /* Release */ = {
			isa = XCBuildConfiguration;
			baseConfigurationReference = C0311B375A9DAE39EDC3918B /* Pods-ThumbnailExample.release.xcconfig */;
			buildSettings = {
				ASSETCATALOG_COMPILER_APPICON_NAME = AppIcon;
				ASSETCATALOG_COMPILER_GLOBAL_ACCENT_COLOR_NAME = AccentColor;
				CODE_SIGN_STYLE = Manual;
				DEVELOPMENT_TEAM = "";
				INFOPLIST_FILE = ThumbnailExample/Info.plist;
				LD_RUNPATH_SEARCH_PATHS = (
					"$(inherited)",
					"@executable_path/Frameworks",
				);
				PRODUCT_BUNDLE_IDENTIFIER = com.ogury.ios.sampleApp;
				PRODUCT_NAME = "$(TARGET_NAME)";
				PROVISIONING_PROFILE_SPECIFIER = "";
				TARGETED_DEVICE_FAMILY = "1,2";
			};
			name = Release;
		};
/* End XCBuildConfiguration section */

/* Begin XCConfigurationList section */
		547FD699257E50D000FF4F44 /* Build configuration list for PBXProject "ThumbnailExample" */ = {
			isa = XCConfigurationList;
			buildConfigurations = (
				547FD6CE257E50D200FF4F44 /* Debug */,
				547FD6CF257E50D200FF4F44 /* Release */,
			);
			defaultConfigurationIsVisible = 0;
			defaultConfigurationName = Release;
		};
		547FD6D0257E50D200FF4F44 /* Build configuration list for PBXNativeTarget "ThumbnailExample" */ = {
			isa = XCConfigurationList;
			buildConfigurations = (
				547FD6D1257E50D200FF4F44 /* Debug */,
				547FD6D2257E50D200FF4F44 /* Release */,
			);
			defaultConfigurationIsVisible = 0;
			defaultConfigurationName = Release;
		};
/* End XCConfigurationList section */
	};
	rootObject = 547FD696257E50D000FF4F44 /* Project object */;
}
