// !$*UTF8*$!
{
	archiveVersion = 1;
	classes = {
	};
	objectVersion = 51;
	objects = {

/* Begin PBXBuildFile section */
		5451F11D253EC22000EECB6C /* AppDelegate.swift in Sources */ = {isa = PBXBuildFile; fileRef = 5451F11C253EC22000EECB6C /* AppDelegate.swift */; };
		5451F121253EC22000EECB6C /* ViewController.swift in Sources */ = {isa = PBXBuildFile; fileRef = 5451F120253EC22000EECB6C /* ViewController.swift */; };
		5451F124253EC22000EECB6C /* Main.storyboard in Resources */ = {isa = PBXBuildFile; fileRef = 5451F122253EC22000EECB6C /* Main.storyboard */; };
		5451F126253EC22600EECB6C /* Assets.xcassets in Resources */ = {isa = PBXBuildFile; fileRef = 5451F125253EC22600EECB6C /* Assets.xcassets */; };
		5451F129253EC22600EECB6C /* LaunchScreen.storyboard in Resources */ = {isa = PBXBuildFile; fileRef = 5451F127253EC22600EECB6C /* LaunchScreen.storyboard */; };
		5451F178253EFD9000EECB6C /* OGGThumbnailView.m in Sources */ = {isa = PBXBuildFile; fileRef = 5451F16C253EFD9000EECB6C /* OGGThumbnailView.m */; };
		5451F179253EFD9000EECB6C /* OguryCustomEventsShared.m in Sources */ = {isa = PBXBuildFile; fileRef = 5451F16E253EFD9000EECB6C /* OguryCustomEventsShared.m */; };
		5451F17A253EFD9000EECB6C /* OguryInterstitialCustomEvents.m in Sources */ = {isa = PBXBuildFile; fileRef = 5451F174253EFD9000EECB6C /* OguryInterstitialCustomEvents.m */; };
		5451F17B253EFD9000EECB6C /* OguryBannerCustomEvents.m in Sources */ = {isa = PBXBuildFile; fileRef = 5451F175253EFD9000EECB6C /* OguryBannerCustomEvents.m */; };
		5451F17C253EFD9000EECB6C /* OguryThumbnailCustomEvents.m in Sources */ = {isa = PBXBuildFile; fileRef = 5451F176253EFD9000EECB6C /* OguryThumbnailCustomEvents.m */; };
		5451F17D253EFD9000EECB6C /* OguryRewardedVideoCustomEvents.m in Sources */ = {isa = PBXBuildFile; fileRef = 5451F177253EFD9000EECB6C /* OguryRewardedVideoCustomEvents.m */; };
		806FA27C031512733CAB600F /* Pods_BannerExample.framework in Frameworks */ = {isa = PBXBuildFile; fileRef = 4967E58F40118A32B594FEFD /* Pods_BannerExample.framework */; };
/* End PBXBuildFile section */

/* Begin PBXFileReference section */
		389242012B1B8FAD13129E85 /* Pods-BannerExample.release.xcconfig */ = {isa = PBXFileReference; includeInIndex = 1; lastKnownFileType = text.xcconfig; name = "Pods-BannerExample.release.xcconfig"; path = "Target Support Files/Pods-BannerExample/Pods-BannerExample.release.xcconfig"; sourceTree = "<group>"; };
		4967E58F40118A32B594FEFD /* Pods_BannerExample.framework */ = {isa = PBXFileReference; explicitFileType = wrapper.framework; includeInIndex = 0; path = Pods_BannerExample.framework; sourceTree = BUILT_PRODUCTS_DIR; };
		5451F119253EC22000EECB6C /* BannerExample.app */ = {isa = PBXFileReference; explicitFileType = wrapper.application; includeInIndex = 0; path = BannerExample.app; sourceTree = BUILT_PRODUCTS_DIR; };
		5451F11C253EC22000EECB6C /* AppDelegate.swift */ = {isa = PBXFileReference; lastKnownFileType = sourcecode.swift; path = AppDelegate.swift; sourceTree = "<group>"; };
		5451F120253EC22000EECB6C /* ViewController.swift */ = {isa = PBXFileReference; lastKnownFileType = sourcecode.swift; path = ViewController.swift; sourceTree = "<group>"; };
		5451F123253EC22000EECB6C /* Base */ = {isa = PBXFileReference; lastKnownFileType = file.storyboard; name = Base; path = Base.lproj/Main.storyboard; sourceTree = "<group>"; };
		5451F125253EC22600EECB6C /* Assets.xcassets */ = {isa = PBXFileReference; lastKnownFileType = folder.assetcatalog; path = Assets.xcassets; sourceTree = "<group>"; };
		5451F128253EC22600EECB6C /* Base */ = {isa = PBXFileReference; lastKnownFileType = file.storyboard; name = Base; path = Base.lproj/LaunchScreen.storyboard; sourceTree = "<group>"; };
		5451F12A253EC22600EECB6C /* Info.plist */ = {isa = PBXFileReference; lastKnownFileType = text.plist.xml; path = Info.plist; sourceTree = "<group>"; };
		5451F16C253EFD9000EECB6C /* OGGThumbnailView.m */ = {isa = PBXFileReference; fileEncoding = 4; lastKnownFileType = sourcecode.c.objc; path = OGGThumbnailView.m; sourceTree = "<group>"; };
		5451F16D253EFD9000EECB6C /* OGGThumbnailView.h */ = {isa = PBXFileReference; fileEncoding = 4; lastKnownFileType = sourcecode.c.h; path = OGGThumbnailView.h; sourceTree = "<group>"; };
		5451F16E253EFD9000EECB6C /* OguryCustomEventsShared.m */ = {isa = PBXFileReference; fileEncoding = 4; lastKnownFileType = sourcecode.c.objc; path = OguryCustomEventsShared.m; sourceTree = "<group>"; };
		5451F16F253EFD9000EECB6C /* OguryInterstitialCustomEvents.h */ = {isa = PBXFileReference; fileEncoding = 4; lastKnownFileType = sourcecode.c.h; path = OguryInterstitialCustomEvents.h; sourceTree = "<group>"; };
		5451F170253EFD9000EECB6C /* OguryBannerCustomEvents.h */ = {isa = PBXFileReference; fileEncoding = 4; lastKnownFileType = sourcecode.c.h; path = OguryBannerCustomEvents.h; sourceTree = "<group>"; };
		5451F171253EFD9000EECB6C /* OguryRewardedVideoCustomEvents.h */ = {isa = PBXFileReference; fileEncoding = 4; lastKnownFileType = sourcecode.c.h; path = OguryRewardedVideoCustomEvents.h; sourceTree = "<group>"; };
		5451F172253EFD9000EECB6C /* OguryThumbnailCustomEvents.h */ = {isa = PBXFileReference; fileEncoding = 4; lastKnownFileType = sourcecode.c.h; path = OguryThumbnailCustomEvents.h; sourceTree = "<group>"; };
		5451F173253EFD9000EECB6C /* OguryCustomEventsShared.h */ = {isa = PBXFileReference; fileEncoding = 4; lastKnownFileType = sourcecode.c.h; path = OguryCustomEventsShared.h; sourceTree = "<group>"; };
		5451F174253EFD9000EECB6C /* OguryInterstitialCustomEvents.m */ = {isa = PBXFileReference; fileEncoding = 4; lastKnownFileType = sourcecode.c.objc; path = OguryInterstitialCustomEvents.m; sourceTree = "<group>"; };
		5451F175253EFD9000EECB6C /* OguryBannerCustomEvents.m */ = {isa = PBXFileReference; fileEncoding = 4; lastKnownFileType = sourcecode.c.objc; path = OguryBannerCustomEvents.m; sourceTree = "<group>"; };
		5451F176253EFD9000EECB6C /* OguryThumbnailCustomEvents.m */ = {isa = PBXFileReference; fileEncoding = 4; lastKnownFileType = sourcecode.c.objc; path = OguryThumbnailCustomEvents.m; sourceTree = "<group>"; };
		5451F177253EFD9000EECB6C /* OguryRewardedVideoCustomEvents.m */ = {isa = PBXFileReference; fileEncoding = 4; lastKnownFileType = sourcecode.c.objc; path = OguryRewardedVideoCustomEvents.m; sourceTree = "<group>"; };
		A47329345D670ED99FC9275F /* Pods-BannerExample.debug.xcconfig */ = {isa = PBXFileReference; includeInIndex = 1; lastKnownFileType = text.xcconfig; name = "Pods-BannerExample.debug.xcconfig"; path = "Target Support Files/Pods-BannerExample/Pods-BannerExample.debug.xcconfig"; sourceTree = "<group>"; };
/* End PBXFileReference section */

/* Begin PBXFrameworksBuildPhase section */
		5451F116253EC22000EECB6C /* Frameworks */ = {
			isa = PBXFrameworksBuildPhase;
			buildActionMask = 2147483647;
			files = (
				806FA27C031512733CAB600F /* Pods_BannerExample.framework in Frameworks */,
			);
			runOnlyForDeploymentPostprocessing = 0;
		};
/* End PBXFrameworksBuildPhase section */

/* Begin PBXGroup section */
		1BB1892111F28682122DC656 /* Frameworks */ = {
			isa = PBXGroup;
			children = (
				4967E58F40118A32B594FEFD /* Pods_BannerExample.framework */,
			);
			name = Frameworks;
			sourceTree = "<group>";
		};
		2A3B2A095D38051D9D40D2D1 /* Pods */ = {
			isa = PBXGroup;
			children = (
				A47329345D670ED99FC9275F /* Pods-BannerExample.debug.xcconfig */,
				389242012B1B8FAD13129E85 /* Pods-BannerExample.release.xcconfig */,
			);
			path = Pods;
			sourceTree = "<group>";
		};
		5451F110253EC22000EECB6C = {
			isa = PBXGroup;
			children = (
				5451F16A253EFD9000EECB6C /* OguryAdsGoogleCustomEvents */,
				5451F11B253EC22000EECB6C /* BannerExample */,
				5451F11A253EC22000EECB6C /* Products */,
				2A3B2A095D38051D9D40D2D1 /* Pods */,
				1BB1892111F28682122DC656 /* Frameworks */,
			);
			sourceTree = "<group>";
		};
		5451F11A253EC22000EECB6C /* Products */ = {
			isa = PBXGroup;
			children = (
				5451F119253EC22000EECB6C /* BannerExample.app */,
			);
			name = Products;
			sourceTree = "<group>";
		};
		5451F11B253EC22000EECB6C /* BannerExample */ = {
			isa = PBXGroup;
			children = (
				5451F11C253EC22000EECB6C /* AppDelegate.swift */,
				5451F120253EC22000EECB6C /* ViewController.swift */,
				5451F122253EC22000EECB6C /* Main.storyboard */,
				5451F125253EC22600EECB6C /* Assets.xcassets */,
				5451F127253EC22600EECB6C /* LaunchScreen.storyboard */,
				5451F12A253EC22600EECB6C /* Info.plist */,
			);
			path = BannerExample;
			sourceTree = "<group>";
		};
		5451F16A253EFD9000EECB6C /* OguryAdsGoogleCustomEvents */ = {
			isa = PBXGroup;
			children = (
				5451F16B253EFD9000EECB6C /* Thumbnail */,
				5451F16E253EFD9000EECB6C /* OguryCustomEventsShared.m */,
				5451F16F253EFD9000EECB6C /* OguryInterstitialCustomEvents.h */,
				5451F170253EFD9000EECB6C /* OguryBannerCustomEvents.h */,
				5451F171253EFD9000EECB6C /* OguryRewardedVideoCustomEvents.h */,
				5451F172253EFD9000EECB6C /* OguryThumbnailCustomEvents.h */,
				5451F173253EFD9000EECB6C /* OguryCustomEventsShared.h */,
				5451F174253EFD9000EECB6C /* OguryInterstitialCustomEvents.m */,
				5451F175253EFD9000EECB6C /* OguryBannerCustomEvents.m */,
				5451F176253EFD9000EECB6C /* OguryThumbnailCustomEvents.m */,
				5451F177253EFD9000EECB6C /* OguryRewardedVideoCustomEvents.m */,
			);
			path = OguryAdsGoogleCustomEvents;
			sourceTree = "<group>";
		};
		5451F16B253EFD9000EECB6C /* Thumbnail */ = {
			isa = PBXGroup;
			children = (
				5451F16C253EFD9000EECB6C /* OGGThumbnailView.m */,
				5451F16D253EFD9000EECB6C /* OGGThumbnailView.h */,
			);
			path = Thumbnail;
			sourceTree = "<group>";
		};
/* End PBXGroup section */

/* Begin PBXNativeTarget section */
		5451F118253EC22000EECB6C /* BannerExample */ = {
			isa = PBXNativeTarget;
			buildConfigurationList = 5451F12D253EC22600EECB6C /* Build configuration list for PBXNativeTarget "BannerExample" */;
			buildPhases = (
				3B201B14E7BB3D6CC713B16F /* [CP] Check Pods Manifest.lock */,
				5451F115253EC22000EECB6C /* Sources */,
				5451F116253EC22000EECB6C /* Frameworks */,
				5451F117253EC22000EECB6C /* Resources */,
				D3027821EEA7D6AF6643FF5F /* [CP] Embed Pods Frameworks */,
			);
			buildRules = (
			);
			dependencies = (
			);
			name = BannerExample;
			productName = BannerExample;
			productReference = 5451F119253EC22000EECB6C /* BannerExample.app */;
			productType = "com.apple.product-type.application";
		};
/* End PBXNativeTarget section */

/* Begin PBXProject section */
		5451F111253EC22000EECB6C /* Project object */ = {
			isa = PBXProject;
			attributes = {
				LastSwiftUpdateCheck = 1200;
				LastUpgradeCheck = 1200;
				TargetAttributes = {
					5451F118253EC22000EECB6C = {
						CreatedOnToolsVersion = 12.0.1;
					};
				};
			};
			buildConfigurationList = 5451F114253EC22000EECB6C /* Build configuration list for PBXProject "BannerExample" */;
			compatibilityVersion = "Xcode 9.3";
			developmentRegion = en;
			hasScannedForEncodings = 0;
			knownRegions = (
				en,
				Base,
			);
			mainGroup = 5451F110253EC22000EECB6C;
			productRefGroup = 5451F11A253EC22000EECB6C /* Products */;
			projectDirPath = "";
			projectRoot = "";
			targets = (
				5451F118253EC22000EECB6C /* BannerExample */,
			);
		};
/* End PBXProject section */

/* Begin PBXResourcesBuildPhase section */
		5451F117253EC22000EECB6C /* Resources */ = {
			isa = PBXResourcesBuildPhase;
			buildActionMask = 2147483647;
			files = (
				5451F129253EC22600EECB6C /* LaunchScreen.storyboard in Resources */,
				5451F126253EC22600EECB6C /* Assets.xcassets in Resources */,
				5451F124253EC22000EECB6C /* Main.storyboard in Resources */,
			);
			runOnlyForDeploymentPostprocessing = 0;
		};
/* End PBXResourcesBuildPhase section */

/* Begin PBXShellScriptBuildPhase section */
		3B201B14E7BB3D6CC713B16F /* [CP] Check Pods Manifest.lock */ = {
			isa = PBXShellScriptBuildPhase;
			buildActionMask = 2147483647;
			files = (
			);
			inputFileListPaths = (
			);
			inputPaths = (
				"${PODS_PODFILE_DIR_PATH}/Podfile.lock",
				"${PODS_ROOT}/Manifest.lock",
			);
			name = "[CP] Check Pods Manifest.lock";
			outputFileListPaths = (
			);
			outputPaths = (
				"$(DERIVED_FILE_DIR)/Pods-BannerExample-checkManifestLockResult.txt",
			);
			runOnlyForDeploymentPostprocessing = 0;
			shellPath = /bin/sh;
			shellScript = "diff \"${PODS_PODFILE_DIR_PATH}/Podfile.lock\" \"${PODS_ROOT}/Manifest.lock\" > /dev/null\nif [ $? != 0 ] ; then\n    # print error to STDERR\n    echo \"error: The sandbox is not in sync with the Podfile.lock. Run 'pod install' or update your CocoaPods installation.\" >&2\n    exit 1\nfi\n# This output is used by Xcode 'outputs' to avoid re-running this script phase.\necho \"SUCCESS\" > \"${SCRIPT_OUTPUT_FILE_0}\"\n";
			showEnvVarsInLog = 0;
		};
		D3027821EEA7D6AF6643FF5F /* [CP] Embed Pods Frameworks */ = {
			isa = PBXShellScriptBuildPhase;
			buildActionMask = 2147483647;
			files = (
			);
			inputFileListPaths = (
				"${PODS_ROOT}/Target Support Files/Pods-BannerExample/Pods-BannerExample-frameworks-${CONFIGURATION}-input-files.xcfilelist",
			);
			name = "[CP] Embed Pods Frameworks";
			outputFileListPaths = (
				"${PODS_ROOT}/Target Support Files/Pods-BannerExample/Pods-BannerExample-frameworks-${CONFIGURATION}-output-files.xcfilelist",
			);
			runOnlyForDeploymentPostprocessing = 0;
			shellPath = /bin/sh;
			shellScript = "\"${PODS_ROOT}/Target Support Files/Pods-BannerExample/Pods-BannerExample-frameworks.sh\"\n";
			showEnvVarsInLog = 0;
		};
/* End PBXShellScriptBuildPhase section */

/* Begin PBXSourcesBuildPhase section */
		5451F115253EC22000EECB6C /* Sources */ = {
			isa = PBXSourcesBuildPhase;
			buildActionMask = 2147483647;
			files = (
				5451F121253EC22000EECB6C /* ViewController.swift in Sources */,
				5451F17C253EFD9000EECB6C /* OguryThumbnailCustomEvents.m in Sources */,
				5451F178253EFD9000EECB6C /* OGGThumbnailView.m in Sources */,
				5451F17A253EFD9000EECB6C /* OguryInterstitialCustomEvents.m in Sources */,
				5451F17D253EFD9000EECB6C /* OguryRewardedVideoCustomEvents.m in Sources */,
				5451F11D253EC22000EECB6C /* AppDelegate.swift in Sources */,
				5451F179253EFD9000EECB6C /* OguryCustomEventsShared.m in Sources */,
				5451F17B253EFD9000EECB6C /* OguryBannerCustomEvents.m in Sources */,
			);
			runOnlyForDeploymentPostprocessing = 0;
		};
/* End PBXSourcesBuildPhase section */

/* Begin PBXVariantGroup section */
		5451F122253EC22000EECB6C /* Main.storyboard */ = {
			isa = PBXVariantGroup;
			children = (
				5451F123253EC22000EECB6C /* Base */,
			);
			name = Main.storyboard;
			sourceTree = "<group>";
		};
		5451F127253EC22600EECB6C /* LaunchScreen.storyboard */ = {
			isa = PBXVariantGroup;
			children = (
				5451F128253EC22600EECB6C /* Base */,
			);
			name = LaunchScreen.storyboard;
			sourceTree = "<group>";
		};
/* End PBXVariantGroup section */

/* Begin XCBuildConfiguration section */
		5451F12B253EC22600EECB6C /* Debug */ = {
			isa = XCBuildConfiguration;
			buildSettings = {
				ALWAYS_SEARCH_USER_PATHS = NO;
				CLANG_ANALYZER_NONNULL = YES;
				CLANG_ANALYZER_NUMBER_OBJECT_CONVERSION = YES_AGGRESSIVE;
				CLANG_CXX_LANGUAGE_STANDARD = "gnu++14";
				CLANG_CXX_LIBRARY = "libc++";
				CLANG_ENABLE_MODULES = YES;
				CLANG_ENABLE_OBJC_ARC = YES;
				CLANG_ENABLE_OBJC_WEAK = YES;
				CLANG_WARN_BLOCK_CAPTURE_AUTORELEASING = YES;
				CLANG_WARN_BOOL_CONVERSION = YES;
				CLANG_WARN_COMMA = YES;
				CLANG_WARN_CONSTANT_CONVERSION = YES;
				CLANG_WARN_DEPRECATED_OBJC_IMPLEMENTATIONS = YES;
				CLANG_WARN_DIRECT_OBJC_ISA_USAGE = YES_ERROR;
				CLANG_WARN_DOCUMENTATION_COMMENTS = YES;
				CLANG_WARN_EMPTY_BODY = YES;
				CLANG_WARN_ENUM_CONVERSION = YES;
				CLANG_WARN_INFINITE_RECURSION = YES;
				CLANG_WARN_INT_CONVERSION = YES;
				CLANG_WARN_NON_LITERAL_NULL_CONVERSION = YES;
				CLANG_WARN_OBJC_IMPLICIT_RETAIN_SELF = YES;
				CLANG_WARN_OBJC_LITERAL_CONVERSION = YES;
				CLANG_WARN_OBJC_ROOT_CLASS = YES_ERROR;
				CLANG_WARN_QUOTED_INCLUDE_IN_FRAMEWORK_HEADER = YES;
				CLANG_WARN_RANGE_LOOP_ANALYSIS = YES;
				CLANG_WARN_STRICT_PROTOTYPES = YES;
				CLANG_WARN_SUSPICIOUS_MOVE = YES;
				CLANG_WARN_UNGUARDED_AVAILABILITY = YES_AGGRESSIVE;
				CLANG_WARN_UNREACHABLE_CODE = YES;
				CLANG_WARN__DUPLICATE_METHOD_MATCH = YES;
				COPY_PHASE_STRIP = NO;
				DEBUG_INFORMATION_FORMAT = dwarf;
				ENABLE_STRICT_OBJC_MSGSEND = YES;
				ENABLE_TESTABILITY = YES;
				GCC_C_LANGUAGE_STANDARD = gnu11;
				GCC_DYNAMIC_NO_PIC = NO;
				GCC_NO_COMMON_BLOCKS = YES;
				GCC_OPTIMIZATION_LEVEL = 0;
				GCC_PREPROCESSOR_DEFINITIONS = (
					"DEBUG=1",
					"$(inherited)",
				);
				GCC_WARN_64_TO_32_BIT_CONVERSION = YES;
				GCC_WARN_ABOUT_RETURN_TYPE = YES_ERROR;
				GCC_WARN_UNDECLARED_SELECTOR = YES;
				GCC_WARN_UNINITIALIZED_AUTOS = YES_AGGRESSIVE;
				GCC_WARN_UNUSED_FUNCTION = YES;
				GCC_WARN_UNUSED_VARIABLE = YES;
				IPHONEOS_DEPLOYMENT_TARGET = 14.0;
				MTL_ENABLE_DEBUG_INFO = INCLUDE_SOURCE;
				MTL_FAST_MATH = YES;
				ONLY_ACTIVE_ARCH = YES;
				SDKROOT = iphoneos;
				SWIFT_ACTIVE_COMPILATION_CONDITIONS = DEBUG;
				SWIFT_OPTIMIZATION_LEVEL = "-Onone";
			};
			name = Debug;
		};
		5451F12C253EC22600EECB6C /* Release */ = {
			isa = XCBuildConfiguration;
			buildSettings = {
				ALWAYS_SEARCH_USER_PATHS = NO;
				CLANG_ANALYZER_NONNULL = YES;
				CLANG_ANALYZER_NUMBER_OBJECT_CONVERSION = YES_AGGRESSIVE;
				CLANG_CXX_LANGUAGE_STANDARD = "gnu++14";
				CLANG_CXX_LIBRARY = "libc++";
				CLANG_ENABLE_MODULES = YES;
				CLANG_ENABLE_OBJC_ARC = YES;
				CLANG_ENABLE_OBJC_WEAK = YES;
				CLANG_WARN_BLOCK_CAPTURE_AUTORELEASING = YES;
				CLANG_WARN_BOOL_CONVERSION = YES;
				CLANG_WARN_COMMA = YES;
				CLANG_WARN_CONSTANT_CONVERSION = YES;
				CLANG_WARN_DEPRECATED_OBJC_IMPLEMENTATIONS = YES;
				CLANG_WARN_DIRECT_OBJC_ISA_USAGE = YES_ERROR;
				CLANG_WARN_DOCUMENTATION_COMMENTS = YES;
				CLANG_WARN_EMPTY_BODY = YES;
				CLANG_WARN_ENUM_CONVERSION = YES;
				CLANG_WARN_INFINITE_RECURSION = YES;
				CLANG_WARN_INT_CONVERSION = YES;
				CLANG_WARN_NON_LITERAL_NULL_CONVERSION = YES;
				CLANG_WARN_OBJC_IMPLICIT_RETAIN_SELF = YES;
				CLANG_WARN_OBJC_LITERAL_CONVERSION = YES;
				CLANG_WARN_OBJC_ROOT_CLASS = YES_ERROR;
				CLANG_WARN_QUOTED_INCLUDE_IN_FRAMEWORK_HEADER = YES;
				CLANG_WARN_RANGE_LOOP_ANALYSIS = YES;
				CLANG_WARN_STRICT_PROTOTYPES = YES;
				CLANG_WARN_SUSPICIOUS_MOVE = YES;
				CLANG_WARN_UNGUARDED_AVAILABILITY = YES_AGGRESSIVE;
				CLANG_WARN_UNREACHABLE_CODE = YES;
				CLANG_WARN__DUPLICATE_METHOD_MATCH = YES;
				COPY_PHASE_STRIP = NO;
				DEBUG_INFORMATION_FORMAT = "dwarf-with-dsym";
				ENABLE_NS_ASSERTIONS = NO;
				ENABLE_STRICT_OBJC_MSGSEND = YES;
				GCC_C_LANGUAGE_STANDARD = gnu11;
				GCC_NO_COMMON_BLOCKS = YES;
				GCC_WARN_64_TO_32_BIT_CONVERSION = YES;
				GCC_WARN_ABOUT_RETURN_TYPE = YES_ERROR;
				GCC_WARN_UNDECLARED_SELECTOR = YES;
				GCC_WARN_UNINITIALIZED_AUTOS = YES_AGGRESSIVE;
				GCC_WARN_UNUSED_FUNCTION = YES;
				GCC_WARN_UNUSED_VARIABLE = YES;
				IPHONEOS_DEPLOYMENT_TARGET = 14.0;
				MTL_ENABLE_DEBUG_INFO = NO;
				MTL_FAST_MATH = YES;
				SDKROOT = iphoneos;
				SWIFT_COMPILATION_MODE = wholemodule;
				SWIFT_OPTIMIZATION_LEVEL = "-O";
				VALIDATE_PRODUCT = YES;
			};
			name = Release;
		};
		5451F12E253EC22600EECB6C /* Debug */ = {
			isa = XCBuildConfiguration;
			baseConfigurationReference = A47329345D670ED99FC9275F /* Pods-BannerExample.debug.xcconfig */;
			buildSettings = {
				ASSETCATALOG_COMPILER_APPICON_NAME = AppIcon;
				ASSETCATALOG_COMPILER_GLOBAL_ACCENT_COLOR_NAME = AccentColor;
				CODE_SIGN_STYLE = Automatic;
				DEVELOPMENT_TEAM = W7JZNL3R6G;
				INFOPLIST_FILE = BannerExample/Info.plist;
				IPHONEOS_DEPLOYMENT_TARGET = 10.0;
				LD_RUNPATH_SEARCH_PATHS = (
					"$(inherited)",
					"@executable_path/Frameworks",
				);
				PRODUCT_BUNDLE_IDENTIFIER = com.ogury.ios.sampleApp;
				PRODUCT_NAME = "$(TARGET_NAME)";
				SWIFT_VERSION = 5.0;
				TARGETED_DEVICE_FAMILY = "1,2";
			};
			name = Debug;
		};
		5451F12F253EC22600EECB6C /* Release */ = {
			isa = XCBuildConfiguration;
			baseConfigurationReference = 389242012B1B8FAD13129E85 /* Pods-BannerExample.release.xcconfig */;
			buildSettings = {
				ASSETCATALOG_COMPILER_APPICON_NAME = AppIcon;
				ASSETCATALOG_COMPILER_GLOBAL_ACCENT_COLOR_NAME = AccentColor;
				CODE_SIGN_STYLE = Automatic;
				DEVELOPMENT_TEAM = W7JZNL3R6G;
				INFOPLIST_FILE = BannerExample/Info.plist;
				IPHONEOS_DEPLOYMENT_TARGET = 10.0;
				LD_RUNPATH_SEARCH_PATHS = (
					"$(inherited)",
					"@executable_path/Frameworks",
				);
				PRODUCT_BUNDLE_IDENTIFIER = com.ogury.ios.sampleApp;
				PRODUCT_NAME = "$(TARGET_NAME)";
				SWIFT_VERSION = 5.0;
				TARGETED_DEVICE_FAMILY = "1,2";
			};
			name = Release;
		};
/* End XCBuildConfiguration section */

/* Begin XCConfigurationList section */
		5451F114253EC22000EECB6C /* Build configuration list for PBXProject "BannerExample" */ = {
			isa = XCConfigurationList;
			buildConfigurations = (
				5451F12B253EC22600EECB6C /* Debug */,
				5451F12C253EC22600EECB6C /* Release */,
			);
			defaultConfigurationIsVisible = 0;
			defaultConfigurationName = Release;
		};
		5451F12D253EC22600EECB6C /* Build configuration list for PBXNativeTarget "BannerExample" */ = {
			isa = XCConfigurationList;
			buildConfigurations = (
				5451F12E253EC22600EECB6C /* Debug */,
				5451F12F253EC22600EECB6C /* Release */,
			);
			defaultConfigurationIsVisible = 0;
			defaultConfigurationName = Release;
		};
/* End XCConfigurationList section */
	};
	rootObject = 5451F111253EC22000EECB6C /* Project object */;
}
