// !$*UTF8*$!
{
	archiveVersion = 1;
	classes = {
	};
	objectVersion = 51;
	objects = {

/* Begin PBXBuildFile section */
		5451F0FC253EC1D900EECB6C /* AppDelegate.swift in Sources */ = {isa = PBXBuildFile; fileRef = 5451F0FB253EC1D900EECB6C /* AppDelegate.swift */; };
		5451F100253EC1D900EECB6C /* ViewController.swift in Sources */ = {isa = PBXBuildFile; fileRef = 5451F0FF253EC1D900EECB6C /* ViewController.swift */; };
		5451F103253EC1D900EECB6C /* Main.storyboard in Resources */ = {isa = PBXBuildFile; fileRef = 5451F101253EC1D900EECB6C /* Main.storyboard */; };
		5451F105253EC1E000EECB6C /* Assets.xcassets in Resources */ = {isa = PBXBuildFile; fileRef = 5451F104253EC1E000EECB6C /* Assets.xcassets */; };
		5451F108253EC1E000EECB6C /* LaunchScreen.storyboard in Resources */ = {isa = PBXBuildFile; fileRef = 5451F106253EC1E000EECB6C /* LaunchScreen.storyboard */; };
		54C7EFC4256E9A1D00A0B2E3 /* OGGThumbnailView.m in Sources */ = {isa = PBXBuildFile; fileRef = 54C7EFB7256E9A1D00A0B2E3 /* OGGThumbnailView.m */; };
		54C7EFC5256E9A1D00A0B2E3 /* OguryCustomEventsShared.m in Sources */ = {isa = PBXBuildFile; fileRef = 54C7EFB9256E9A1D00A0B2E3 /* OguryCustomEventsShared.m */; };
		54C7EFC6256E9A1D00A0B2E3 /* OguryInterstitialCustomEvents.m in Sources */ = {isa = PBXBuildFile; fileRef = 54C7EFC0256E9A1D00A0B2E3 /* OguryInterstitialCustomEvents.m */; };
		54C7EFC7256E9A1D00A0B2E3 /* OguryBannerCustomEvents.m in Sources */ = {isa = PBXBuildFile; fileRef = 54C7EFC1256E9A1D00A0B2E3 /* OguryBannerCustomEvents.m */; };
		54C7EFC8256E9A1D00A0B2E3 /* OguryThumbnailCustomEvents.m in Sources */ = {isa = PBXBuildFile; fileRef = 54C7EFC2256E9A1D00A0B2E3 /* OguryThumbnailCustomEvents.m */; };
		54C7EFC9256E9A1D00A0B2E3 /* OguryRewardedVideoCustomEvents.m in Sources */ = {isa = PBXBuildFile; fileRef = 54C7EFC3256E9A1D00A0B2E3 /* OguryRewardedVideoCustomEvents.m */; };
		72944432379FD03E7D1CD72E /* Pods_OptInVideoExample.framework in Frameworks */ = {isa = PBXBuildFile; fileRef = 82A4BA8FE545EC69F2B5EC6F /* Pods_OptInVideoExample.framework */; };
/* End PBXBuildFile section */

/* Begin PBXFileReference section */
		1DB1819F16BAF3D8E0868420 /* Pods-OptInVideoExample.release.xcconfig */ = {isa = PBXFileReference; includeInIndex = 1; lastKnownFileType = text.xcconfig; name = "Pods-OptInVideoExample.release.xcconfig"; path = "Target Support Files/Pods-OptInVideoExample/Pods-OptInVideoExample.release.xcconfig"; sourceTree = "<group>"; };
		5451F0F8253EC1D900EECB6C /* OptInVideoExample.app */ = {isa = PBXFileReference; explicitFileType = wrapper.application; includeInIndex = 0; path = OptInVideoExample.app; sourceTree = BUILT_PRODUCTS_DIR; };
		5451F0FB253EC1D900EECB6C /* AppDelegate.swift */ = {isa = PBXFileReference; lastKnownFileType = sourcecode.swift; path = AppDelegate.swift; sourceTree = "<group>"; };
		5451F0FF253EC1D900EECB6C /* ViewController.swift */ = {isa = PBXFileReference; lastKnownFileType = sourcecode.swift; path = ViewController.swift; sourceTree = "<group>"; };
		5451F102253EC1D900EECB6C /* Base */ = {isa = PBXFileReference; lastKnownFileType = file.storyboard; name = Base; path = Base.lproj/Main.storyboard; sourceTree = "<group>"; };
		5451F104253EC1E000EECB6C /* Assets.xcassets */ = {isa = PBXFileReference; lastKnownFileType = folder.assetcatalog; path = Assets.xcassets; sourceTree = "<group>"; };
		5451F107253EC1E000EECB6C /* Base */ = {isa = PBXFileReference; lastKnownFileType = file.storyboard; name = Base; path = Base.lproj/LaunchScreen.storyboard; sourceTree = "<group>"; };
		5451F109253EC1E000EECB6C /* Info.plist */ = {isa = PBXFileReference; lastKnownFileType = text.plist.xml; path = Info.plist; sourceTree = "<group>"; };
		54C7EFB7256E9A1D00A0B2E3 /* OGGThumbnailView.m */ = {isa = PBXFileReference; fileEncoding = 4; lastKnownFileType = sourcecode.c.objc; path = OGGThumbnailView.m; sourceTree = "<group>"; };
		54C7EFB8256E9A1D00A0B2E3 /* OGGThumbnailView.h */ = {isa = PBXFileReference; fileEncoding = 4; lastKnownFileType = sourcecode.c.h; path = OGGThumbnailView.h; sourceTree = "<group>"; };
		54C7EFB9256E9A1D00A0B2E3 /* OguryCustomEventsShared.m */ = {isa = PBXFileReference; fileEncoding = 4; lastKnownFileType = sourcecode.c.objc; path = OguryCustomEventsShared.m; sourceTree = "<group>"; };
		54C7EFBA256E9A1D00A0B2E3 /* OguryInterstitialCustomEvents.h */ = {isa = PBXFileReference; fileEncoding = 4; lastKnownFileType = sourcecode.c.h; path = OguryInterstitialCustomEvents.h; sourceTree = "<group>"; };
		54C7EFBB256E9A1D00A0B2E3 /* OguryBannerCustomEvents.h */ = {isa = PBXFileReference; fileEncoding = 4; lastKnownFileType = sourcecode.c.h; path = OguryBannerCustomEvents.h; sourceTree = "<group>"; };
		54C7EFBC256E9A1D00A0B2E3 /* GoogleCustomEvents-Bridging-Header.h */ = {isa = PBXFileReference; fileEncoding = 4; lastKnownFileType = sourcecode.c.h; path = "GoogleCustomEvents-Bridging-Header.h"; sourceTree = "<group>"; };
		54C7EFBD256E9A1D00A0B2E3 /* OguryRewardedVideoCustomEvents.h */ = {isa = PBXFileReference; fileEncoding = 4; lastKnownFileType = sourcecode.c.h; path = OguryRewardedVideoCustomEvents.h; sourceTree = "<group>"; };
		54C7EFBE256E9A1D00A0B2E3 /* OguryThumbnailCustomEvents.h */ = {isa = PBXFileReference; fileEncoding = 4; lastKnownFileType = sourcecode.c.h; path = OguryThumbnailCustomEvents.h; sourceTree = "<group>"; };
		54C7EFBF256E9A1D00A0B2E3 /* OguryCustomEventsShared.h */ = {isa = PBXFileReference; fileEncoding = 4; lastKnownFileType = sourcecode.c.h; path = OguryCustomEventsShared.h; sourceTree = "<group>"; };
		54C7EFC0256E9A1D00A0B2E3 /* OguryInterstitialCustomEvents.m */ = {isa = PBXFileReference; fileEncoding = 4; lastKnownFileType = sourcecode.c.objc; path = OguryInterstitialCustomEvents.m; sourceTree = "<group>"; };
		54C7EFC1256E9A1D00A0B2E3 /* OguryBannerCustomEvents.m */ = {isa = PBXFileReference; fileEncoding = 4; lastKnownFileType = sourcecode.c.objc; path = OguryBannerCustomEvents.m; sourceTree = "<group>"; };
		54C7EFC2256E9A1D00A0B2E3 /* OguryThumbnailCustomEvents.m */ = {isa = PBXFileReference; fileEncoding = 4; lastKnownFileType = sourcecode.c.objc; path = OguryThumbnailCustomEvents.m; sourceTree = "<group>"; };
		54C7EFC3256E9A1D00A0B2E3 /* OguryRewardedVideoCustomEvents.m */ = {isa = PBXFileReference; fileEncoding = 4; lastKnownFileType = sourcecode.c.objc; path = OguryRewardedVideoCustomEvents.m; sourceTree = "<group>"; };
		82A4BA8FE545EC69F2B5EC6F /* Pods_OptInVideoExample.framework */ = {isa = PBXFileReference; explicitFileType = wrapper.framework; includeInIndex = 0; path = Pods_OptInVideoExample.framework; sourceTree = BUILT_PRODUCTS_DIR; };
		B58D818581B896C2826BADF2 /* Pods-OptInVideoExample.debug.xcconfig */ = {isa = PBXFileReference; includeInIndex = 1; lastKnownFileType = text.xcconfig; name = "Pods-OptInVideoExample.debug.xcconfig"; path = "Target Support Files/Pods-OptInVideoExample/Pods-OptInVideoExample.debug.xcconfig"; sourceTree = "<group>"; };
/* End PBXFileReference section */

/* Begin PBXFrameworksBuildPhase section */
		5451F0F5253EC1D900EECB6C /* Frameworks */ = {
			isa = PBXFrameworksBuildPhase;
			buildActionMask = 2147483647;
			files = (
				72944432379FD03E7D1CD72E /* Pods_OptInVideoExample.framework in Frameworks */,
			);
			runOnlyForDeploymentPostprocessing = 0;
		};
/* End PBXFrameworksBuildPhase section */

/* Begin PBXGroup section */
		5451F0EF253EC1D900EECB6C = {
			isa = PBXGroup;
			children = (
				54C7EFB5256E9A1D00A0B2E3 /* OguryAdsCustomEventsGoogle */,
				5451F0FA253EC1D900EECB6C /* OptInVideoExample */,
				5451F0F9253EC1D900EECB6C /* Products */,
				6D044342D4728A452709C010 /* Pods */,
				D7FACE1BE279C57D6903813F /* Frameworks */,
			);
			sourceTree = "<group>";
		};
		5451F0F9253EC1D900EECB6C /* Products */ = {
			isa = PBXGroup;
			children = (
				5451F0F8253EC1D900EECB6C /* OptInVideoExample.app */,
			);
			name = Products;
			sourceTree = "<group>";
		};
		5451F0FA253EC1D900EECB6C /* OptInVideoExample */ = {
			isa = PBXGroup;
			children = (
				5451F0FB253EC1D900EECB6C /* AppDelegate.swift */,
				5451F0FF253EC1D900EECB6C /* ViewController.swift */,
				5451F101253EC1D900EECB6C /* Main.storyboard */,
				5451F104253EC1E000EECB6C /* Assets.xcassets */,
				5451F106253EC1E000EECB6C /* LaunchScreen.storyboard */,
				5451F109253EC1E000EECB6C /* Info.plist */,
			);
			path = OptInVideoExample;
			sourceTree = "<group>";
		};
		54C7EFB5256E9A1D00A0B2E3 /* OguryAdsCustomEventsGoogle */ = {
			isa = PBXGroup;
			children = (
				54C7EFB6256E9A1D00A0B2E3 /* Thumbnail */,
				54C7EFB9256E9A1D00A0B2E3 /* OguryCustomEventsShared.m */,
				54C7EFBA256E9A1D00A0B2E3 /* OguryInterstitialCustomEvents.h */,
				54C7EFBB256E9A1D00A0B2E3 /* OguryBannerCustomEvents.h */,
				54C7EFBC256E9A1D00A0B2E3 /* GoogleCustomEvents-Bridging-Header.h */,
				54C7EFBD256E9A1D00A0B2E3 /* OguryRewardedVideoCustomEvents.h */,
				54C7EFBE256E9A1D00A0B2E3 /* OguryThumbnailCustomEvents.h */,
				54C7EFBF256E9A1D00A0B2E3 /* OguryCustomEventsShared.h */,
				54C7EFC0256E9A1D00A0B2E3 /* OguryInterstitialCustomEvents.m */,
				54C7EFC1256E9A1D00A0B2E3 /* OguryBannerCustomEvents.m */,
				54C7EFC2256E9A1D00A0B2E3 /* OguryThumbnailCustomEvents.m */,
				54C7EFC3256E9A1D00A0B2E3 /* OguryRewardedVideoCustomEvents.m */,
			);
			path = OguryAdsCustomEventsGoogle;
			sourceTree = "<group>";
		};
		54C7EFB6256E9A1D00A0B2E3 /* Thumbnail */ = {
			isa = PBXGroup;
			children = (
				54C7EFB7256E9A1D00A0B2E3 /* OGGThumbnailView.m */,
				54C7EFB8256E9A1D00A0B2E3 /* OGGThumbnailView.h */,
			);
			path = Thumbnail;
			sourceTree = "<group>";
		};
		6D044342D4728A452709C010 /* Pods */ = {
			isa = PBXGroup;
			children = (
				B58D818581B896C2826BADF2 /* Pods-OptInVideoExample.debug.xcconfig */,
				1DB1819F16BAF3D8E0868420 /* Pods-OptInVideoExample.release.xcconfig */,
			);
			path = Pods;
			sourceTree = "<group>";
		};
		D7FACE1BE279C57D6903813F /* Frameworks */ = {
			isa = PBXGroup;
			children = (
				82A4BA8FE545EC69F2B5EC6F /* Pods_OptInVideoExample.framework */,
			);
			name = Frameworks;
			sourceTree = "<group>";
		};
/* End PBXGroup section */

/* Begin PBXNativeTarget section */
		5451F0F7253EC1D900EECB6C /* OptInVideoExample */ = {
			isa = PBXNativeTarget;
			buildConfigurationList = 5451F10C253EC1E000EECB6C /* Build configuration list for PBXNativeTarget "OptInVideoExample" */;
			buildPhases = (
				20EB8C278B4EA10EAC82E048 /* [CP] Check Pods Manifest.lock */,
				5451F0F4253EC1D900EECB6C /* Sources */,
				5451F0F5253EC1D900EECB6C /* Frameworks */,
				5451F0F6253EC1D900EECB6C /* Resources */,
				77D8430EADEE425F7B8A287E /* [CP] Embed Pods Frameworks */,
			);
			buildRules = (
			);
			dependencies = (
			);
			name = OptInVideoExample;
			productName = OptInVideoExample;
			productReference = 5451F0F8253EC1D900EECB6C /* OptInVideoExample.app */;
			productType = "com.apple.product-type.application";
		};
/* End PBXNativeTarget section */

/* Begin PBXProject section */
		5451F0F0253EC1D900EECB6C /* Project object */ = {
			isa = PBXProject;
			attributes = {
				LastSwiftUpdateCheck = 1200;
				LastUpgradeCheck = 1200;
				TargetAttributes = {
					5451F0F7253EC1D900EECB6C = {
						CreatedOnToolsVersion = 12.0.1;
					};
				};
			};
			buildConfigurationList = 5451F0F3253EC1D900EECB6C /* Build configuration list for PBXProject "OptInVideoExample" */;
			compatibilityVersion = "Xcode 9.3";
			developmentRegion = en;
			hasScannedForEncodings = 0;
			knownRegions = (
				en,
				Base,
			);
			mainGroup = 5451F0EF253EC1D900EECB6C;
			productRefGroup = 5451F0F9253EC1D900EECB6C /* Products */;
			projectDirPath = "";
			projectRoot = "";
			targets = (
				5451F0F7253EC1D900EECB6C /* OptInVideoExample */,
			);
		};
/* End PBXProject section */

/* Begin PBXResourcesBuildPhase section */
		5451F0F6253EC1D900EECB6C /* Resources */ = {
			isa = PBXResourcesBuildPhase;
			buildActionMask = 2147483647;
			files = (
				5451F108253EC1E000EECB6C /* LaunchScreen.storyboard in Resources */,
				5451F105253EC1E000EECB6C /* Assets.xcassets in Resources */,
				5451F103253EC1D900EECB6C /* Main.storyboard in Resources */,
			);
			runOnlyForDeploymentPostprocessing = 0;
		};
/* End PBXResourcesBuildPhase section */

/* Begin PBXShellScriptBuildPhase section */
		20EB8C278B4EA10EAC82E048 /* [CP] Check Pods Manifest.lock */ = {
			isa = PBXShellScriptBuildPhase;
			buildActionMask = 2147483647;
			files = (
			);
			inputFileListPaths = (
			);
			inputPaths = (
				"${PODS_PODFILE_DIR_PATH}/Podfile.lock",
				"${PODS_ROOT}/Manifest.lock",
			);
			name = "[CP] Check Pods Manifest.lock";
			outputFileListPaths = (
			);
			outputPaths = (
				"$(DERIVED_FILE_DIR)/Pods-OptInVideoExample-checkManifestLockResult.txt",
			);
			runOnlyForDeploymentPostprocessing = 0;
			shellPath = /bin/sh;
			shellScript = "diff \"${PODS_PODFILE_DIR_PATH}/Podfile.lock\" \"${PODS_ROOT}/Manifest.lock\" > /dev/null\nif [ $? != 0 ] ; then\n    # print error to STDERR\n    echo \"error: The sandbox is not in sync with the Podfile.lock. Run 'pod install' or update your CocoaPods installation.\" >&2\n    exit 1\nfi\n# This output is used by Xcode 'outputs' to avoid re-running this script phase.\necho \"SUCCESS\" > \"${SCRIPT_OUTPUT_FILE_0}\"\n";
			showEnvVarsInLog = 0;
		};
		77D8430EADEE425F7B8A287E /* [CP] Embed Pods Frameworks */ = {
			isa = PBXShellScriptBuildPhase;
			buildActionMask = 2147483647;
			files = (
			);
			inputFileListPaths = (
				"${PODS_ROOT}/Target Support Files/Pods-OptInVideoExample/Pods-OptInVideoExample-frameworks-${CONFIGURATION}-input-files.xcfilelist",
			);
			name = "[CP] Embed Pods Frameworks";
			outputFileListPaths = (
				"${PODS_ROOT}/Target Support Files/Pods-OptInVideoExample/Pods-OptInVideoExample-frameworks-${CONFIGURATION}-output-files.xcfilelist",
			);
			runOnlyForDeploymentPostprocessing = 0;
			shellPath = /bin/sh;
			shellScript = "\"${PODS_ROOT}/Target Support Files/Pods-OptInVideoExample/Pods-OptInVideoExample-frameworks.sh\"\n";
			showEnvVarsInLog = 0;
		};
/* End PBXShellScriptBuildPhase section */

/* Begin PBXSourcesBuildPhase section */
		5451F0F4253EC1D900EECB6C /* Sources */ = {
			isa = PBXSourcesBuildPhase;
			buildActionMask = 2147483647;
			files = (
				5451F100253EC1D900EECB6C /* ViewController.swift in Sources */,
				54C7EFC5256E9A1D00A0B2E3 /* OguryCustomEventsShared.m in Sources */,
				54C7EFC6256E9A1D00A0B2E3 /* OguryInterstitialCustomEvents.m in Sources */,
				5451F0FC253EC1D900EECB6C /* AppDelegate.swift in Sources */,
				54C7EFC9256E9A1D00A0B2E3 /* OguryRewardedVideoCustomEvents.m in Sources */,
				54C7EFC8256E9A1D00A0B2E3 /* OguryThumbnailCustomEvents.m in Sources */,
				54C7EFC7256E9A1D00A0B2E3 /* OguryBannerCustomEvents.m in Sources */,
				54C7EFC4256E9A1D00A0B2E3 /* OGGThumbnailView.m in Sources */,
			);
			runOnlyForDeploymentPostprocessing = 0;
		};
/* End PBXSourcesBuildPhase section */

/* Begin PBXVariantGroup section */
		5451F101253EC1D900EECB6C /* Main.storyboard */ = {
			isa = PBXVariantGroup;
			children = (
				5451F102253EC1D900EECB6C /* Base */,
			);
			name = Main.storyboard;
			sourceTree = "<group>";
		};
		5451F106253EC1E000EECB6C /* LaunchScreen.storyboard */ = {
			isa = PBXVariantGroup;
			children = (
				5451F107253EC1E000EECB6C /* Base */,
			);
			name = LaunchScreen.storyboard;
			sourceTree = "<group>";
		};
/* End PBXVariantGroup section */

/* Begin XCBuildConfiguration section */
		5451F10A253EC1E000EECB6C /* Debug */ = {
			isa = XCBuildConfiguration;
			buildSettings = {
				ALWAYS_SEARCH_USER_PATHS = NO;
				CLANG_ANALYZER_NONNULL = YES;
				CLANG_ANALYZER_NUMBER_OBJECT_CONVERSION = YES_AGGRESSIVE;
				CLANG_CXX_LANGUAGE_STANDARD = "gnu++14";
				CLANG_CXX_LIBRARY = "libc++";
				CLANG_ENABLE_MODULES = YES;
				CLANG_ENABLE_OBJC_ARC = YES;
				CLANG_ENABLE_OBJC_WEAK = YES;
				CLANG_WARN_BLOCK_CAPTURE_AUTORELEASING = YES;
				CLANG_WARN_BOOL_CONVERSION = YES;
				CLANG_WARN_COMMA = YES;
				CLANG_WARN_CONSTANT_CONVERSION = YES;
				CLANG_WARN_DEPRECATED_OBJC_IMPLEMENTATIONS = YES;
				CLANG_WARN_DIRECT_OBJC_ISA_USAGE = YES_ERROR;
				CLANG_WARN_DOCUMENTATION_COMMENTS = YES;
				CLANG_WARN_EMPTY_BODY = YES;
				CLANG_WARN_ENUM_CONVERSION = YES;
				CLANG_WARN_INFINITE_RECURSION = YES;
				CLANG_WARN_INT_CONVERSION = YES;
				CLANG_WARN_NON_LITERAL_NULL_CONVERSION = YES;
				CLANG_WARN_OBJC_IMPLICIT_RETAIN_SELF = YES;
				CLANG_WARN_OBJC_LITERAL_CONVERSION = YES;
				CLANG_WARN_OBJC_ROOT_CLASS = YES_ERROR;
				CLANG_WARN_QUOTED_INCLUDE_IN_FRAMEWORK_HEADER = YES;
				CLANG_WARN_RANGE_LOOP_ANALYSIS = YES;
				CLANG_WARN_STRICT_PROTOTYPES = YES;
				CLANG_WARN_SUSPICIOUS_MOVE = YES;
				CLANG_WARN_UNGUARDED_AVAILABILITY = YES_AGGRESSIVE;
				CLANG_WARN_UNREACHABLE_CODE = YES;
				CLANG_WARN__DUPLICATE_METHOD_MATCH = YES;
				COPY_PHASE_STRIP = NO;
				DEBUG_INFORMATION_FORMAT = dwarf;
				ENABLE_STRICT_OBJC_MSGSEND = YES;
				ENABLE_TESTABILITY = YES;
				GCC_C_LANGUAGE_STANDARD = gnu11;
				GCC_DYNAMIC_NO_PIC = NO;
				GCC_NO_COMMON_BLOCKS = YES;
				GCC_OPTIMIZATION_LEVEL = 0;
				GCC_PREPROCESSOR_DEFINITIONS = (
					"DEBUG=1",
					"$(inherited)",
				);
				GCC_WARN_64_TO_32_BIT_CONVERSION = YES;
				GCC_WARN_ABOUT_RETURN_TYPE = YES_ERROR;
				GCC_WARN_UNDECLARED_SELECTOR = YES;
				GCC_WARN_UNINITIALIZED_AUTOS = YES_AGGRESSIVE;
				GCC_WARN_UNUSED_FUNCTION = YES;
				GCC_WARN_UNUSED_VARIABLE = YES;
				IPHONEOS_DEPLOYMENT_TARGET = 14.0;
				MTL_ENABLE_DEBUG_INFO = INCLUDE_SOURCE;
				MTL_FAST_MATH = YES;
				ONLY_ACTIVE_ARCH = YES;
				SDKROOT = iphoneos;
				SWIFT_ACTIVE_COMPILATION_CONDITIONS = DEBUG;
				SWIFT_OPTIMIZATION_LEVEL = "-Onone";
			};
			name = Debug;
		};
		5451F10B253EC1E000EECB6C /* Release */ = {
			isa = XCBuildConfiguration;
			buildSettings = {
				ALWAYS_SEARCH_USER_PATHS = NO;
				CLANG_ANALYZER_NONNULL = YES;
				CLANG_ANALYZER_NUMBER_OBJECT_CONVERSION = YES_AGGRESSIVE;
				CLANG_CXX_LANGUAGE_STANDARD = "gnu++14";
				CLANG_CXX_LIBRARY = "libc++";
				CLANG_ENABLE_MODULES = YES;
				CLANG_ENABLE_OBJC_ARC = YES;
				CLANG_ENABLE_OBJC_WEAK = YES;
				CLANG_WARN_BLOCK_CAPTURE_AUTORELEASING = YES;
				CLANG_WARN_BOOL_CONVERSION = YES;
				CLANG_WARN_COMMA = YES;
				CLANG_WARN_CONSTANT_CONVERSION = YES;
				CLANG_WARN_DEPRECATED_OBJC_IMPLEMENTATIONS = YES;
				CLANG_WARN_DIRECT_OBJC_ISA_USAGE = YES_ERROR;
				CLANG_WARN_DOCUMENTATION_COMMENTS = YES;
				CLANG_WARN_EMPTY_BODY = YES;
				CLANG_WARN_ENUM_CONVERSION = YES;
				CLANG_WARN_INFINITE_RECURSION = YES;
				CLANG_WARN_INT_CONVERSION = YES;
				CLANG_WARN_NON_LITERAL_NULL_CONVERSION = YES;
				CLANG_WARN_OBJC_IMPLICIT_RETAIN_SELF = YES;
				CLANG_WARN_OBJC_LITERAL_CONVERSION = YES;
				CLANG_WARN_OBJC_ROOT_CLASS = YES_ERROR;
				CLANG_WARN_QUOTED_INCLUDE_IN_FRAMEWORK_HEADER = YES;
				CLANG_WARN_RANGE_LOOP_ANALYSIS = YES;
				CLANG_WARN_STRICT_PROTOTYPES = YES;
				CLANG_WARN_SUSPICIOUS_MOVE = YES;
				CLANG_WARN_UNGUARDED_AVAILABILITY = YES_AGGRESSIVE;
				CLANG_WARN_UNREACHABLE_CODE = YES;
				CLANG_WARN__DUPLICATE_METHOD_MATCH = YES;
				COPY_PHASE_STRIP = NO;
				DEBUG_INFORMATION_FORMAT = "dwarf-with-dsym";
				ENABLE_NS_ASSERTIONS = NO;
				ENABLE_STRICT_OBJC_MSGSEND = YES;
				GCC_C_LANGUAGE_STANDARD = gnu11;
				GCC_NO_COMMON_BLOCKS = YES;
				GCC_WARN_64_TO_32_BIT_CONVERSION = YES;
				GCC_WARN_ABOUT_RETURN_TYPE = YES_ERROR;
				GCC_WARN_UNDECLARED_SELECTOR = YES;
				GCC_WARN_UNINITIALIZED_AUTOS = YES_AGGRESSIVE;
				GCC_WARN_UNUSED_FUNCTION = YES;
				GCC_WARN_UNUSED_VARIABLE = YES;
				IPHONEOS_DEPLOYMENT_TARGET = 14.0;
				MTL_ENABLE_DEBUG_INFO = NO;
				MTL_FAST_MATH = YES;
				SDKROOT = iphoneos;
				SWIFT_COMPILATION_MODE = wholemodule;
				SWIFT_OPTIMIZATION_LEVEL = "-O";
				VALIDATE_PRODUCT = YES;
			};
			name = Release;
		};
		5451F10D253EC1E000EECB6C /* Debug */ = {
			isa = XCBuildConfiguration;
			baseConfigurationReference = B58D818581B896C2826BADF2 /* Pods-OptInVideoExample.debug.xcconfig */;
			buildSettings = {
				ASSETCATALOG_COMPILER_APPICON_NAME = AppIcon;
				ASSETCATALOG_COMPILER_GLOBAL_ACCENT_COLOR_NAME = AccentColor;
				CODE_SIGN_STYLE = Manual;
				DEVELOPMENT_TEAM = "";
				INFOPLIST_FILE = OptInVideoExample/Info.plist;
				IPHONEOS_DEPLOYMENT_TARGET = 10.0;
				LD_RUNPATH_SEARCH_PATHS = (
					"$(inherited)",
					"@executable_path/Frameworks",
				);
				PRODUCT_BUNDLE_IDENTIFIER = com.ogury.ios.sampleApp;
				PRODUCT_NAME = "$(TARGET_NAME)";
				PROVISIONING_PROFILE_SPECIFIER = "";
				SWIFT_VERSION = 5.0;
				TARGETED_DEVICE_FAMILY = "1,2";
			};
			name = Debug;
		};
		5451F10E253EC1E000EECB6C /* Release */ = {
			isa = XCBuildConfiguration;
			baseConfigurationReference = 1DB1819F16BAF3D8E0868420 /* Pods-OptInVideoExample.release.xcconfig */;
			buildSettings = {
				ASSETCATALOG_COMPILER_APPICON_NAME = AppIcon;
				ASSETCATALOG_COMPILER_GLOBAL_ACCENT_COLOR_NAME = AccentColor;
				CODE_SIGN_STYLE = Manual;
				DEVELOPMENT_TEAM = "";
				INFOPLIST_FILE = OptInVideoExample/Info.plist;
				IPHONEOS_DEPLOYMENT_TARGET = 10.0;
				LD_RUNPATH_SEARCH_PATHS = (
					"$(inherited)",
					"@executable_path/Frameworks",
				);
				PRODUCT_BUNDLE_IDENTIFIER = com.ogury.ios.sampleApp;
				PRODUCT_NAME = "$(TARGET_NAME)";
				PROVISIONING_PROFILE_SPECIFIER = "";
				SWIFT_VERSION = 5.0;
				TARGETED_DEVICE_FAMILY = "1,2";
			};
			name = Release;
		};
/* End XCBuildConfiguration section */

/* Begin XCConfigurationList section */
		5451F0F3253EC1D900EECB6C /* Build configuration list for PBXProject "OptInVideoExample" */ = {
			isa = XCConfigurationList;
			buildConfigurations = (
				5451F10A253EC1E000EECB6C /* Debug */,
				5451F10B253EC1E000EECB6C /* Release */,
			);
			defaultConfigurationIsVisible = 0;
			defaultConfigurationName = Release;
		};
		5451F10C253EC1E000EECB6C /* Build configuration list for PBXNativeTarget "OptInVideoExample" */ = {
			isa = XCConfigurationList;
			buildConfigurations = (
				5451F10D253EC1E000EECB6C /* Debug */,
				5451F10E253EC1E000EECB6C /* Release */,
			);
			defaultConfigurationIsVisible = 0;
			defaultConfigurationName = Release;
		};
/* End XCConfigurationList section */
	};
	rootObject = 5451F0F0253EC1D900EECB6C /* Project object */;
}
